// !$*UTF8*$!
{
	archiveVersion = 1;
	classes = {
	};
	objectVersion = 50;
	objects = {

/* Begin PBXBuildFile section */
		11097A3BF2C8F495E51F034F /* libPods-AppFunctionTests.a in Frameworks */ = {isa = PBXBuildFile; fileRef = EF59090AB2FC46D550F35665 /* libPods-AppFunctionTests.a */; };
		2E86BE8F01A782A129C6CBF7 /* libPods-AppFunctionUITests.a in Frameworks */ = {isa = PBXBuildFile; fileRef = 7E13EDB69EFE4F0C6A6BF045 /* libPods-AppFunctionUITests.a */; };
		618C373B20F5EEA300FBA2D8 /* FunctionMenu.m in Sources */ = {isa = PBXBuildFile; fileRef = 618C373A20F5EEA300FBA2D8 /* FunctionMenu.m */; };
		618CA90420F7B66200C58007 /* test.jpg in Resources */ = {isa = PBXBuildFile; fileRef = 618CA90320F7B66200C58007 /* test.jpg */; };
		61AE28B520EB287F006B8551 /* AppDelegate.m in Sources */ = {isa = PBXBuildFile; fileRef = 61AE28B420EB287F006B8551 /* AppDelegate.m */; };
		61AE28B820EB287F006B8551 /* ViewController.m in Sources */ = {isa = PBXBuildFile; fileRef = 61AE28B720EB287F006B8551 /* ViewController.m */; };
		61AE28BB20EB287F006B8551 /* Main.storyboard in Resources */ = {isa = PBXBuildFile; fileRef = 61AE28B920EB287F006B8551 /* Main.storyboard */; };
		61AE28BD20EB2881006B8551 /* Assets.xcassets in Resources */ = {isa = PBXBuildFile; fileRef = 61AE28BC20EB2881006B8551 /* Assets.xcassets */; };
		61AE28C020EB2881006B8551 /* LaunchScreen.storyboard in Resources */ = {isa = PBXBuildFile; fileRef = 61AE28BE20EB2881006B8551 /* LaunchScreen.storyboard */; };
		61AE28C320EB2881006B8551 /* main.m in Sources */ = {isa = PBXBuildFile; fileRef = 61AE28C220EB2881006B8551 /* main.m */; };
		61AE28CD20EB2881006B8551 /* AppFunctionTests.m in Sources */ = {isa = PBXBuildFile; fileRef = 61AE28CC20EB2881006B8551 /* AppFunctionTests.m */; };
		61AE28D820EB2881006B8551 /* AppFunctionUITests.m in Sources */ = {isa = PBXBuildFile; fileRef = 61AE28D720EB2881006B8551 /* AppFunctionUITests.m */; };
		61AE28EA20EB2924006B8551 /* FlowViewController.m in Sources */ = {isa = PBXBuildFile; fileRef = 61AE28E820EB2924006B8551 /* FlowViewController.m */; };
		61AE28EB20EB2924006B8551 /* FlowViewController.xib in Resources */ = {isa = PBXBuildFile; fileRef = 61AE28E920EB2924006B8551 /* FlowViewController.xib */; };
		61AE28F020EB2C95006B8551 /* IBManager.m in Sources */ = {isa = PBXBuildFile; fileRef = 61AE28EF20EB2C95006B8551 /* IBManager.m */; };
		61AE290820EB2E23006B8551 /* RDTableViewDatasource.m in Sources */ = {isa = PBXBuildFile; fileRef = 61AE28FF20EB2E23006B8551 /* RDTableViewDatasource.m */; };
		61AE290920EB2E23006B8551 /* RDTableViewDelegate.m in Sources */ = {isa = PBXBuildFile; fileRef = 61AE290020EB2E23006B8551 /* RDTableViewDelegate.m */; };
		61AE290A20EB2E23006B8551 /* RDCollectionViewDelegate.m in Sources */ = {isa = PBXBuildFile; fileRef = 61AE290420EB2E23006B8551 /* RDCollectionViewDelegate.m */; };
		61AE290B20EB2E23006B8551 /* RDCollectionViewDatasource.m in Sources */ = {isa = PBXBuildFile; fileRef = 61AE290620EB2E23006B8551 /* RDCollectionViewDatasource.m */; };
		61AE291120EB4AE5006B8551 /* NSObject+AlertController.m in Sources */ = {isa = PBXBuildFile; fileRef = 61AE290E20EB4AE5006B8551 /* NSObject+AlertController.m */; };
		61AE291520EB4B87006B8551 /* NSObject+GeneralConroller.m in Sources */ = {isa = PBXBuildFile; fileRef = 61AE291420EB4B87006B8551 /* NSObject+GeneralConroller.m */; };
		61AE291720EB587E006B8551 /* Podfile in Resources */ = {isa = PBXBuildFile; fileRef = 61AE291620EB587E006B8551 /* Podfile */; };
		61AE291B20EB5A13006B8551 /* RDNetworkManager.m in Sources */ = {isa = PBXBuildFile; fileRef = 61AE291A20EB5A13006B8551 /* RDNetworkManager.m */; };
		61FA01A520EDD38D009FA0A2 /* UIImage+RDThumbnail.m in Sources */ = {isa = PBXBuildFile; fileRef = 61FA01A420EDD38D009FA0A2 /* UIImage+RDThumbnail.m */; };
		61FA01A720EDD3CA009FA0A2 /* README.md in Resources */ = {isa = PBXBuildFile; fileRef = 61FA01A620EDD3CA009FA0A2 /* README.md */; };
		832E520A57BD577A0618DF74 /* libPods-AppFunction.a in Frameworks */ = {isa = PBXBuildFile; fileRef = 366065643141F719D2BE8554 /* libPods-AppFunction.a */; };
/* End PBXBuildFile section */

/* Begin PBXContainerItemProxy section */
		61AE28C920EB2881006B8551 /* PBXContainerItemProxy */ = {
			isa = PBXContainerItemProxy;
			containerPortal = 61AE28A820EB287F006B8551 /* Project object */;
			proxyType = 1;
			remoteGlobalIDString = 61AE28AF20EB287F006B8551;
			remoteInfo = AppFunction;
		};
		61AE28D420EB2881006B8551 /* PBXContainerItemProxy */ = {
			isa = PBXContainerItemProxy;
			containerPortal = 61AE28A820EB287F006B8551 /* Project object */;
			proxyType = 1;
			remoteGlobalIDString = 61AE28AF20EB287F006B8551;
			remoteInfo = AppFunction;
		};
/* End PBXContainerItemProxy section */

/* Begin PBXFileReference section */
		366065643141F719D2BE8554 /* libPods-AppFunction.a */ = {isa = PBXFileReference; explicitFileType = archive.ar; includeInIndex = 0; path = "libPods-AppFunction.a"; sourceTree = BUILT_PRODUCTS_DIR; };
		38C6E17BF044AFD85FFCFD1E /* Pods-AppFunctionUITests.release.xcconfig */ = {isa = PBXFileReference; includeInIndex = 1; lastKnownFileType = text.xcconfig; name = "Pods-AppFunctionUITests.release.xcconfig"; path = "Pods/Target Support Files/Pods-AppFunctionUITests/Pods-AppFunctionUITests.release.xcconfig"; sourceTree = "<group>"; };
		3AE03056AFBBD919B1B3A287 /* Pods-AppFunction.debug.xcconfig */ = {isa = PBXFileReference; includeInIndex = 1; lastKnownFileType = text.xcconfig; name = "Pods-AppFunction.debug.xcconfig"; path = "Pods/Target Support Files/Pods-AppFunction/Pods-AppFunction.debug.xcconfig"; sourceTree = "<group>"; };
		4262FA86DC16FD05FE60CB41 /* Pods-AppFunction.release.xcconfig */ = {isa = PBXFileReference; includeInIndex = 1; lastKnownFileType = text.xcconfig; name = "Pods-AppFunction.release.xcconfig"; path = "Pods/Target Support Files/Pods-AppFunction/Pods-AppFunction.release.xcconfig"; sourceTree = "<group>"; };
		4B1A762524374918EBC20921 /* Pods-AppFunctionTests.debug.xcconfig */ = {isa = PBXFileReference; includeInIndex = 1; lastKnownFileType = text.xcconfig; name = "Pods-AppFunctionTests.debug.xcconfig"; path = "Pods/Target Support Files/Pods-AppFunctionTests/Pods-AppFunctionTests.debug.xcconfig"; sourceTree = "<group>"; };
		618C373920F5EEA300FBA2D8 /* FunctionMenu.h */ = {isa = PBXFileReference; lastKnownFileType = sourcecode.c.h; path = FunctionMenu.h; sourceTree = "<group>"; };
		618C373A20F5EEA300FBA2D8 /* FunctionMenu.m */ = {isa = PBXFileReference; lastKnownFileType = sourcecode.c.objc; path = FunctionMenu.m; sourceTree = "<group>"; };
		618CA90320F7B66200C58007 /* test.jpg */ = {isa = PBXFileReference; lastKnownFileType = image.jpeg; path = test.jpg; sourceTree = "<group>"; };
		61AE28B020EB287F006B8551 /* AppFunction.app */ = {isa = PBXFileReference; explicitFileType = wrapper.application; includeInIndex = 0; path = AppFunction.app; sourceTree = BUILT_PRODUCTS_DIR; };
		61AE28B320EB287F006B8551 /* AppDelegate.h */ = {isa = PBXFileReference; lastKnownFileType = sourcecode.c.h; path = AppDelegate.h; sourceTree = "<group>"; };
		61AE28B420EB287F006B8551 /* AppDelegate.m */ = {isa = PBXFileReference; lastKnownFileType = sourcecode.c.objc; path = AppDelegate.m; sourceTree = "<group>"; };
		61AE28B620EB287F006B8551 /* ViewController.h */ = {isa = PBXFileReference; lastKnownFileType = sourcecode.c.h; path = ViewController.h; sourceTree = "<group>"; };
		61AE28B720EB287F006B8551 /* ViewController.m */ = {isa = PBXFileReference; lastKnownFileType = sourcecode.c.objc; path = ViewController.m; sourceTree = "<group>"; };
		61AE28BA20EB287F006B8551 /* Base */ = {isa = PBXFileReference; lastKnownFileType = file.storyboard; name = Base; path = Base.lproj/Main.storyboard; sourceTree = "<group>"; };
		61AE28BC20EB2881006B8551 /* Assets.xcassets */ = {isa = PBXFileReference; lastKnownFileType = folder.assetcatalog; path = Assets.xcassets; sourceTree = "<group>"; };
		61AE28BF20EB2881006B8551 /* Base */ = {isa = PBXFileReference; lastKnownFileType = file.storyboard; name = Base; path = Base.lproj/LaunchScreen.storyboard; sourceTree = "<group>"; };
		61AE28C120EB2881006B8551 /* Info.plist */ = {isa = PBXFileReference; lastKnownFileType = text.plist.xml; path = Info.plist; sourceTree = "<group>"; };
		61AE28C220EB2881006B8551 /* main.m */ = {isa = PBXFileReference; lastKnownFileType = sourcecode.c.objc; path = main.m; sourceTree = "<group>"; };
		61AE28C820EB2881006B8551 /* AppFunctionTests.xctest */ = {isa = PBXFileReference; explicitFileType = wrapper.cfbundle; includeInIndex = 0; path = AppFunctionTests.xctest; sourceTree = BUILT_PRODUCTS_DIR; };
		61AE28CC20EB2881006B8551 /* AppFunctionTests.m */ = {isa = PBXFileReference; lastKnownFileType = sourcecode.c.objc; path = AppFunctionTests.m; sourceTree = "<group>"; };
		61AE28CE20EB2881006B8551 /* Info.plist */ = {isa = PBXFileReference; lastKnownFileType = text.plist.xml; path = Info.plist; sourceTree = "<group>"; };
		61AE28D320EB2881006B8551 /* AppFunctionUITests.xctest */ = {isa = PBXFileReference; explicitFileType = wrapper.cfbundle; includeInIndex = 0; path = AppFunctionUITests.xctest; sourceTree = BUILT_PRODUCTS_DIR; };
		61AE28D720EB2881006B8551 /* AppFunctionUITests.m */ = {isa = PBXFileReference; lastKnownFileType = sourcecode.c.objc; path = AppFunctionUITests.m; sourceTree = "<group>"; };
		61AE28D920EB2881006B8551 /* Info.plist */ = {isa = PBXFileReference; lastKnownFileType = text.plist.xml; path = Info.plist; sourceTree = "<group>"; };
		61AE28E720EB2924006B8551 /* FlowViewController.h */ = {isa = PBXFileReference; lastKnownFileType = sourcecode.c.h; path = FlowViewController.h; sourceTree = "<group>"; };
		61AE28E820EB2924006B8551 /* FlowViewController.m */ = {isa = PBXFileReference; lastKnownFileType = sourcecode.c.objc; path = FlowViewController.m; sourceTree = "<group>"; };
		61AE28E920EB2924006B8551 /* FlowViewController.xib */ = {isa = PBXFileReference; lastKnownFileType = file.xib; path = FlowViewController.xib; sourceTree = "<group>"; };
		61AE28EE20EB2C95006B8551 /* IBManager.h */ = {isa = PBXFileReference; fileEncoding = 4; lastKnownFileType = sourcecode.c.h; path = IBManager.h; sourceTree = "<group>"; };
		61AE28EF20EB2C95006B8551 /* IBManager.m */ = {isa = PBXFileReference; fileEncoding = 4; lastKnownFileType = sourcecode.c.objc; path = IBManager.m; sourceTree = "<group>"; };
		61AE28FF20EB2E23006B8551 /* RDTableViewDatasource.m */ = {isa = PBXFileReference; fileEncoding = 4; lastKnownFileType = sourcecode.c.objc; path = RDTableViewDatasource.m; sourceTree = "<group>"; };
		61AE290020EB2E23006B8551 /* RDTableViewDelegate.m */ = {isa = PBXFileReference; fileEncoding = 4; lastKnownFileType = sourcecode.c.objc; path = RDTableViewDelegate.m; sourceTree = "<group>"; };
		61AE290120EB2E23006B8551 /* RDTableViewDelegate.h */ = {isa = PBXFileReference; fileEncoding = 4; lastKnownFileType = sourcecode.c.h; path = RDTableViewDelegate.h; sourceTree = "<group>"; };
		61AE290220EB2E23006B8551 /* RDTableViewDatasource.h */ = {isa = PBXFileReference; fileEncoding = 4; lastKnownFileType = sourcecode.c.h; path = RDTableViewDatasource.h; sourceTree = "<group>"; };
		61AE290420EB2E23006B8551 /* RDCollectionViewDelegate.m */ = {isa = PBXFileReference; fileEncoding = 4; lastKnownFileType = sourcecode.c.objc; path = RDCollectionViewDelegate.m; sourceTree = "<group>"; };
		61AE290520EB2E23006B8551 /* RDCollectionViewDatasource.h */ = {isa = PBXFileReference; fileEncoding = 4; lastKnownFileType = sourcecode.c.h; path = RDCollectionViewDatasource.h; sourceTree = "<group>"; };
		61AE290620EB2E23006B8551 /* RDCollectionViewDatasource.m */ = {isa = PBXFileReference; fileEncoding = 4; lastKnownFileType = sourcecode.c.objc; path = RDCollectionViewDatasource.m; sourceTree = "<group>"; };
		61AE290720EB2E23006B8551 /* RDCollectionViewDelegate.h */ = {isa = PBXFileReference; fileEncoding = 4; lastKnownFileType = sourcecode.c.h; path = RDCollectionViewDelegate.h; sourceTree = "<group>"; };
		61AE290E20EB4AE5006B8551 /* NSObject+AlertController.m */ = {isa = PBXFileReference; fileEncoding = 4; lastKnownFileType = sourcecode.c.objc; path = "NSObject+AlertController.m"; sourceTree = "<group>"; };
		61AE290F20EB4AE5006B8551 /* NSObject+AlertController.h */ = {isa = PBXFileReference; fileEncoding = 4; lastKnownFileType = sourcecode.c.h; path = "NSObject+AlertController.h"; sourceTree = "<group>"; };
		61AE291320EB4B87006B8551 /* NSObject+GeneralConroller.h */ = {isa = PBXFileReference; lastKnownFileType = sourcecode.c.h; name = "NSObject+GeneralConroller.h"; path = "AppFunction/AnywhereController/GeneralController/NSObject+GeneralConroller.h"; sourceTree = SOURCE_ROOT; };
		61AE291420EB4B87006B8551 /* NSObject+GeneralConroller.m */ = {isa = PBXFileReference; lastKnownFileType = sourcecode.c.objc; name = "NSObject+GeneralConroller.m"; path = "AppFunction/AnywhereController/GeneralController/NSObject+GeneralConroller.m"; sourceTree = SOURCE_ROOT; };
		61AE291620EB587E006B8551 /* Podfile */ = {isa = PBXFileReference; fileEncoding = 4; lastKnownFileType = text; path = Podfile; sourceTree = SOURCE_ROOT; xcLanguageSpecificationIdentifier = xcode.lang.ruby; };
		61AE291920EB5A13006B8551 /* RDNetworkManager.h */ = {isa = PBXFileReference; lastKnownFileType = sourcecode.c.h; path = RDNetworkManager.h; sourceTree = "<group>"; };
		61AE291A20EB5A13006B8551 /* RDNetworkManager.m */ = {isa = PBXFileReference; lastKnownFileType = sourcecode.c.objc; path = RDNetworkManager.m; sourceTree = "<group>"; };
		61FA01A320EDD38D009FA0A2 /* UIImage+RDThumbnail.h */ = {isa = PBXFileReference; lastKnownFileType = sourcecode.c.h; path = "UIImage+RDThumbnail.h"; sourceTree = "<group>"; };
		61FA01A420EDD38D009FA0A2 /* UIImage+RDThumbnail.m */ = {isa = PBXFileReference; lastKnownFileType = sourcecode.c.objc; path = "UIImage+RDThumbnail.m"; sourceTree = "<group>"; };
		61FA01A620EDD3CA009FA0A2 /* README.md */ = {isa = PBXFileReference; fileEncoding = 4; lastKnownFileType = net.daringfireball.markdown; path = README.md; sourceTree = "<group>"; };
		7882611D47CDC81550986A4B /* Pods-AppFunctionTests.release.xcconfig */ = {isa = PBXFileReference; includeInIndex = 1; lastKnownFileType = text.xcconfig; name = "Pods-AppFunctionTests.release.xcconfig"; path = "Pods/Target Support Files/Pods-AppFunctionTests/Pods-AppFunctionTests.release.xcconfig"; sourceTree = "<group>"; };
		7E13EDB69EFE4F0C6A6BF045 /* libPods-AppFunctionUITests.a */ = {isa = PBXFileReference; explicitFileType = archive.ar; includeInIndex = 0; path = "libPods-AppFunctionUITests.a"; sourceTree = BUILT_PRODUCTS_DIR; };
		BCA95A8E37DD0616DBCF7D7C /* Pods-AppFunctionUITests.debug.xcconfig */ = {isa = PBXFileReference; includeInIndex = 1; lastKnownFileType = text.xcconfig; name = "Pods-AppFunctionUITests.debug.xcconfig"; path = "Pods/Target Support Files/Pods-AppFunctionUITests/Pods-AppFunctionUITests.debug.xcconfig"; sourceTree = "<group>"; };
		EF59090AB2FC46D550F35665 /* libPods-AppFunctionTests.a */ = {isa = PBXFileReference; explicitFileType = archive.ar; includeInIndex = 0; path = "libPods-AppFunctionTests.a"; sourceTree = BUILT_PRODUCTS_DIR; };
/* End PBXFileReference section */

/* Begin PBXFrameworksBuildPhase section */
		61AE28AD20EB287F006B8551 /* Frameworks */ = {
			isa = PBXFrameworksBuildPhase;
			buildActionMask = 2147483647;
			files = (
				832E520A57BD577A0618DF74 /* libPods-AppFunction.a in Frameworks */,
			);
			runOnlyForDeploymentPostprocessing = 0;
		};
		61AE28C520EB2881006B8551 /* Frameworks */ = {
			isa = PBXFrameworksBuildPhase;
			buildActionMask = 2147483647;
			files = (
				11097A3BF2C8F495E51F034F /* libPods-AppFunctionTests.a in Frameworks */,
			);
			runOnlyForDeploymentPostprocessing = 0;
		};
		61AE28D020EB2881006B8551 /* Frameworks */ = {
			isa = PBXFrameworksBuildPhase;
			buildActionMask = 2147483647;
			files = (
				2E86BE8F01A782A129C6CBF7 /* libPods-AppFunctionUITests.a in Frameworks */,
			);
			runOnlyForDeploymentPostprocessing = 0;
		};
/* End PBXFrameworksBuildPhase section */

/* Begin PBXGroup section */
		148596B1935FBE8CA2FB30CC /* Pods */ = {
			isa = PBXGroup;
			children = (
				3AE03056AFBBD919B1B3A287 /* Pods-AppFunction.debug.xcconfig */,
				4262FA86DC16FD05FE60CB41 /* Pods-AppFunction.release.xcconfig */,
				4B1A762524374918EBC20921 /* Pods-AppFunctionTests.debug.xcconfig */,
				7882611D47CDC81550986A4B /* Pods-AppFunctionTests.release.xcconfig */,
				BCA95A8E37DD0616DBCF7D7C /* Pods-AppFunctionUITests.debug.xcconfig */,
				38C6E17BF044AFD85FFCFD1E /* Pods-AppFunctionUITests.release.xcconfig */,
			);
			name = Pods;
			sourceTree = "<group>";
		};
		61AE28A720EB287F006B8551 = {
			isa = PBXGroup;
			children = (
				61AE28B220EB287F006B8551 /* AppFunction */,
				61AE28CB20EB2881006B8551 /* AppFunctionTests */,
				61AE28D620EB2881006B8551 /* AppFunctionUITests */,
				61AE28B120EB287F006B8551 /* Products */,
				148596B1935FBE8CA2FB30CC /* Pods */,
				93123B3098583D014C9A206A /* Frameworks */,
			);
			sourceTree = "<group>";
		};
		61AE28B120EB287F006B8551 /* Products */ = {
			isa = PBXGroup;
			children = (
				61AE28B020EB287F006B8551 /* AppFunction.app */,
				61AE28C820EB2881006B8551 /* AppFunctionTests.xctest */,
				61AE28D320EB2881006B8551 /* AppFunctionUITests.xctest */,
			);
			name = Products;
			sourceTree = "<group>";
		};
		61AE28B220EB287F006B8551 /* AppFunction */ = {
			isa = PBXGroup;
			children = (
				61AE28B320EB287F006B8551 /* AppDelegate.h */,
				61AE28B420EB287F006B8551 /* AppDelegate.m */,
				61AE28B920EB287F006B8551 /* Main.storyboard */,
				61AE28B620EB287F006B8551 /* ViewController.h */,
				61AE28B720EB287F006B8551 /* ViewController.m */,
				618C373920F5EEA300FBA2D8 /* FunctionMenu.h */,
				618C373A20F5EEA300FBA2D8 /* FunctionMenu.m */,
				61AE291220EB4AF7006B8551 /* extension */,
				61AE28F120EB2D7E006B8551 /* Delegate */,
				61AE28E620EB28EB006B8551 /* 瀑布流 */,
				61AE28E520EB289E006B8551 /* sources */,
			);
			path = AppFunction;
			sourceTree = "<group>";
		};
		61AE28CB20EB2881006B8551 /* AppFunctionTests */ = {
			isa = PBXGroup;
			children = (
				61AE28CC20EB2881006B8551 /* AppFunctionTests.m */,
				61AE28CE20EB2881006B8551 /* Info.plist */,
			);
			path = AppFunctionTests;
			sourceTree = "<group>";
		};
		61AE28D620EB2881006B8551 /* AppFunctionUITests */ = {
			isa = PBXGroup;
			children = (
				61AE28D720EB2881006B8551 /* AppFunctionUITests.m */,
				61AE28D920EB2881006B8551 /* Info.plist */,
			);
			path = AppFunctionUITests;
			sourceTree = "<group>";
		};
		61AE28E520EB289E006B8551 /* sources */ = {
			isa = PBXGroup;
			children = (
				618CA90320F7B66200C58007 /* test.jpg */,
				61AE291620EB587E006B8551 /* Podfile */,
				61AE28BC20EB2881006B8551 /* Assets.xcassets */,
				61AE28BE20EB2881006B8551 /* LaunchScreen.storyboard */,
				61AE28C120EB2881006B8551 /* Info.plist */,
				61AE28C220EB2881006B8551 /* main.m */,
			);
			path = sources;
			sourceTree = "<group>";
		};
		61AE28E620EB28EB006B8551 /* 瀑布流 */ = {
			isa = PBXGroup;
			children = (
				61AE28E720EB2924006B8551 /* FlowViewController.h */,
				61AE28E820EB2924006B8551 /* FlowViewController.m */,
				61AE28E920EB2924006B8551 /* FlowViewController.xib */,
			);
			path = "瀑布流";
			sourceTree = "<group>";
		};
		61AE28EC20EB2C95006B8551 /* Manager */ = {
			isa = PBXGroup;
			children = (
				61AE291820EB59F0006B8551 /* NetworkManager */,
				61AE28ED20EB2C95006B8551 /* IBManager */,
			);
			path = Manager;
			sourceTree = "<group>";
		};
		61AE28ED20EB2C95006B8551 /* IBManager */ = {
			isa = PBXGroup;
			children = (
				61AE28EE20EB2C95006B8551 /* IBManager.h */,
				61AE28EF20EB2C95006B8551 /* IBManager.m */,
			);
			path = IBManager;
			sourceTree = "<group>";
		};
		61AE28F120EB2D7E006B8551 /* Delegate */ = {
			isa = PBXGroup;
			children = (
				61AE290320EB2E23006B8551 /* CollectionView */,
				61AE28FE20EB2E23006B8551 /* TableView */,
			);
			path = Delegate;
			sourceTree = "<group>";
		};
		61AE28FE20EB2E23006B8551 /* TableView */ = {
			isa = PBXGroup;
			children = (
				61AE290120EB2E23006B8551 /* RDTableViewDelegate.h */,
				61AE290020EB2E23006B8551 /* RDTableViewDelegate.m */,
				61AE290220EB2E23006B8551 /* RDTableViewDatasource.h */,
				61AE28FF20EB2E23006B8551 /* RDTableViewDatasource.m */,
			);
			path = TableView;
			sourceTree = "<group>";
		};
		61AE290320EB2E23006B8551 /* CollectionView */ = {
			isa = PBXGroup;
			children = (
				61AE290420EB2E23006B8551 /* RDCollectionViewDelegate.m */,
				61AE290520EB2E23006B8551 /* RDCollectionViewDatasource.h */,
				61AE290620EB2E23006B8551 /* RDCollectionViewDatasource.m */,
				61AE290720EB2E23006B8551 /* RDCollectionViewDelegate.h */,
			);
			path = CollectionView;
			sourceTree = "<group>";
		};
		61AE290C20EB4AE5006B8551 /* AnywhereController */ = {
			isa = PBXGroup;
			children = (
				61AE290D20EB4AE5006B8551 /* AlertController */,
				61AE291020EB4AE5006B8551 /* GeneralController */,
			);
			path = AnywhereController;
			sourceTree = "<group>";
		};
		61AE290D20EB4AE5006B8551 /* AlertController */ = {
			isa = PBXGroup;
			children = (
				61AE290F20EB4AE5006B8551 /* NSObject+AlertController.h */,
				61AE290E20EB4AE5006B8551 /* NSObject+AlertController.m */,
			);
			path = AlertController;
			sourceTree = "<group>";
		};
		61AE291020EB4AE5006B8551 /* GeneralController */ = {
			isa = PBXGroup;
			children = (
				61AE291320EB4B87006B8551 /* NSObject+GeneralConroller.h */,
				61AE291420EB4B87006B8551 /* NSObject+GeneralConroller.m */,
			);
			path = GeneralController;
			sourceTree = "<group>";
		};
		61AE291220EB4AF7006B8551 /* extension */ = {
			isa = PBXGroup;
			children = (
				61FA01A220EDD2E3009FA0A2 /* UIImage+Thumbnail */,
				61AE28EC20EB2C95006B8551 /* Manager */,
				61AE290C20EB4AE5006B8551 /* AnywhereController */,
			);
			name = extension;
			sourceTree = "<group>";
		};
		61AE291820EB59F0006B8551 /* NetworkManager */ = {
			isa = PBXGroup;
			children = (
				61AE291920EB5A13006B8551 /* RDNetworkManager.h */,
				61AE291A20EB5A13006B8551 /* RDNetworkManager.m */,
			);
			path = NetworkManager;
			sourceTree = "<group>";
		};
		61FA01A220EDD2E3009FA0A2 /* UIImage+Thumbnail */ = {
			isa = PBXGroup;
			children = (
				61FA01A320EDD38D009FA0A2 /* UIImage+RDThumbnail.h */,
				61FA01A420EDD38D009FA0A2 /* UIImage+RDThumbnail.m */,
				61FA01A620EDD3CA009FA0A2 /* README.md */,
			);
			path = "UIImage+Thumbnail";
			sourceTree = "<group>";
		};
		93123B3098583D014C9A206A /* Frameworks */ = {
			isa = PBXGroup;
			children = (
				366065643141F719D2BE8554 /* libPods-AppFunction.a */,
				EF59090AB2FC46D550F35665 /* libPods-AppFunctionTests.a */,
				7E13EDB69EFE4F0C6A6BF045 /* libPods-AppFunctionUITests.a */,
			);
			name = Frameworks;
			sourceTree = "<group>";
		};
/* End PBXGroup section */

/* Begin PBXNativeTarget section */
		61AE28AF20EB287F006B8551 /* AppFunction */ = {
			isa = PBXNativeTarget;
			buildConfigurationList = 61AE28DC20EB2881006B8551 /* Build configuration list for PBXNativeTarget "AppFunction" */;
			buildPhases = (
				3FB0EBB43E54EF607C8EB2AF /* [CP] Check Pods Manifest.lock */,
				61AE28AC20EB287F006B8551 /* Sources */,
				61AE28AD20EB287F006B8551 /* Frameworks */,
				61AE28AE20EB287F006B8551 /* Resources */,
				81441B0B07C003B1EC5D1A1E /* [CP] Embed Pods Frameworks */,
				3F247269245E70966EC10703 /* [CP] Copy Pods Resources */,
			);
			buildRules = (
			);
			dependencies = (
			);
			name = AppFunction;
			productName = AppFunction;
			productReference = 61AE28B020EB287F006B8551 /* AppFunction.app */;
			productType = "com.apple.product-type.application";
		};
		61AE28C720EB2881006B8551 /* AppFunctionTests */ = {
			isa = PBXNativeTarget;
			buildConfigurationList = 61AE28DF20EB2881006B8551 /* Build configuration list for PBXNativeTarget "AppFunctionTests" */;
			buildPhases = (
				8F0FC8F8EF5D7D76DD16E51D /* [CP] Check Pods Manifest.lock */,
				61AE28C420EB2881006B8551 /* Sources */,
				61AE28C520EB2881006B8551 /* Frameworks */,
				61AE28C620EB2881006B8551 /* Resources */,
				84AFE44639F1D4EDD590B975 /* [CP] Embed Pods Frameworks */,
				D1290EAEE4C99C7BBCE68715 /* [CP] Copy Pods Resources */,
			);
			buildRules = (
			);
			dependencies = (
				61AE28CA20EB2881006B8551 /* PBXTargetDependency */,
			);
			name = AppFunctionTests;
			productName = AppFunctionTests;
			productReference = 61AE28C820EB2881006B8551 /* AppFunctionTests.xctest */;
			productType = "com.apple.product-type.bundle.unit-test";
		};
		61AE28D220EB2881006B8551 /* AppFunctionUITests */ = {
			isa = PBXNativeTarget;
			buildConfigurationList = 61AE28E220EB2881006B8551 /* Build configuration list for PBXNativeTarget "AppFunctionUITests" */;
			buildPhases = (
				E25CFDFBDC644E3A139D4872 /* [CP] Check Pods Manifest.lock */,
				61AE28CF20EB2881006B8551 /* Sources */,
				61AE28D020EB2881006B8551 /* Frameworks */,
				61AE28D120EB2881006B8551 /* Resources */,
				1242B5E362240A12CBDA6F53 /* [CP] Embed Pods Frameworks */,
				7C929C31346C8DEF45EA6DF9 /* [CP] Copy Pods Resources */,
			);
			buildRules = (
			);
			dependencies = (
				61AE28D520EB2881006B8551 /* PBXTargetDependency */,
			);
			name = AppFunctionUITests;
			productName = AppFunctionUITests;
			productReference = 61AE28D320EB2881006B8551 /* AppFunctionUITests.xctest */;
			productType = "com.apple.product-type.bundle.ui-testing";
		};
/* End PBXNativeTarget section */

/* Begin PBXProject section */
		61AE28A820EB287F006B8551 /* Project object */ = {
			isa = PBXProject;
			attributes = {
				CLASSPREFIX = RD;
				LastUpgradeCheck = 0940;
				ORGANIZATIONNAME = yangsong;
				TargetAttributes = {
					61AE28AF20EB287F006B8551 = {
						CreatedOnToolsVersion = 9.4.1;
					};
					61AE28C720EB2881006B8551 = {
						CreatedOnToolsVersion = 9.4.1;
						TestTargetID = 61AE28AF20EB287F006B8551;
					};
					61AE28D220EB2881006B8551 = {
						CreatedOnToolsVersion = 9.4.1;
						TestTargetID = 61AE28AF20EB287F006B8551;
					};
				};
			};
			buildConfigurationList = 61AE28AB20EB287F006B8551 /* Build configuration list for PBXProject "AppFunction" */;
			compatibilityVersion = "Xcode 9.3";
			developmentRegion = en;
			hasScannedForEncodings = 0;
			knownRegions = (
				en,
				Base,
			);
			mainGroup = 61AE28A720EB287F006B8551;
			productRefGroup = 61AE28B120EB287F006B8551 /* Products */;
			projectDirPath = "";
			projectRoot = "";
			targets = (
				61AE28AF20EB287F006B8551 /* AppFunction */,
				61AE28C720EB2881006B8551 /* AppFunctionTests */,
				61AE28D220EB2881006B8551 /* AppFunctionUITests */,
			);
		};
/* End PBXProject section */

/* Begin PBXResourcesBuildPhase section */
		61AE28AE20EB287F006B8551 /* Resources */ = {
			isa = PBXResourcesBuildPhase;
			buildActionMask = 2147483647;
			files = (
				61FA01A720EDD3CA009FA0A2 /* README.md in Resources */,
				61AE291720EB587E006B8551 /* Podfile in Resources */,
				618CA90420F7B66200C58007 /* test.jpg in Resources */,
				61AE28C020EB2881006B8551 /* LaunchScreen.storyboard in Resources */,
				61AE28BD20EB2881006B8551 /* Assets.xcassets in Resources */,
				61AE28EB20EB2924006B8551 /* FlowViewController.xib in Resources */,
				61AE28BB20EB287F006B8551 /* Main.storyboard in Resources */,
			);
			runOnlyForDeploymentPostprocessing = 0;
		};
		61AE28C620EB2881006B8551 /* Resources */ = {
			isa = PBXResourcesBuildPhase;
			buildActionMask = 2147483647;
			files = (
			);
			runOnlyForDeploymentPostprocessing = 0;
		};
		61AE28D120EB2881006B8551 /* Resources */ = {
			isa = PBXResourcesBuildPhase;
			buildActionMask = 2147483647;
			files = (
			);
			runOnlyForDeploymentPostprocessing = 0;
		};
/* End PBXResourcesBuildPhase section */

/* Begin PBXShellScriptBuildPhase section */
		1242B5E362240A12CBDA6F53 /* [CP] Embed Pods Frameworks */ = {
			isa = PBXShellScriptBuildPhase;
			buildActionMask = 2147483647;
			files = (
			);
			inputPaths = (
			);
			name = "[CP] Embed Pods Frameworks";
			outputPaths = (
			);
			runOnlyForDeploymentPostprocessing = 0;
			shellPath = /bin/sh;
			shellScript = "\"${SRCROOT}/Pods/Target Support Files/Pods-AppFunctionUITests/Pods-AppFunctionUITests-frameworks.sh\"\n";
			showEnvVarsInLog = 0;
		};
		3F247269245E70966EC10703 /* [CP] Copy Pods Resources */ = {
			isa = PBXShellScriptBuildPhase;
			buildActionMask = 2147483647;
			files = (
			);
			inputPaths = (
			);
			name = "[CP] Copy Pods Resources";
			outputPaths = (
			);
			runOnlyForDeploymentPostprocessing = 0;
			shellPath = /bin/sh;
			shellScript = "\"${SRCROOT}/Pods/Target Support Files/Pods-AppFunction/Pods-AppFunction-resources.sh\"\n";
			showEnvVarsInLog = 0;
		};
		3FB0EBB43E54EF607C8EB2AF /* [CP] Check Pods Manifest.lock */ = {
			isa = PBXShellScriptBuildPhase;
			buildActionMask = 2147483647;
			files = (
			);
			inputPaths = (
				"${PODS_PODFILE_DIR_PATH}/Podfile.lock",
				"${PODS_ROOT}/Manifest.lock",
			);
			name = "[CP] Check Pods Manifest.lock";
			outputPaths = (
				"$(DERIVED_FILE_DIR)/Pods-AppFunction-checkManifestLockResult.txt",
			);
			runOnlyForDeploymentPostprocessing = 0;
			shellPath = /bin/sh;
			shellScript = "diff \"${PODS_PODFILE_DIR_PATH}/Podfile.lock\" \"${PODS_ROOT}/Manifest.lock\" > /dev/null\nif [ $? != 0 ] ; then\n    # print error to STDERR\n    echo \"error: The sandbox is not in sync with the Podfile.lock. Run 'pod install' or update your CocoaPods installation.\" >&2\n    exit 1\nfi\n# This output is used by Xcode 'outputs' to avoid re-running this script phase.\necho \"SUCCESS\" > \"${SCRIPT_OUTPUT_FILE_0}\"\n";
			showEnvVarsInLog = 0;
		};
		7C929C31346C8DEF45EA6DF9 /* [CP] Copy Pods Resources */ = {
			isa = PBXShellScriptBuildPhase;
			buildActionMask = 2147483647;
			files = (
			);
			inputPaths = (
			);
			name = "[CP] Copy Pods Resources";
			outputPaths = (
			);
			runOnlyForDeploymentPostprocessing = 0;
			shellPath = /bin/sh;
			shellScript = "\"${SRCROOT}/Pods/Target Support Files/Pods-AppFunctionUITests/Pods-AppFunctionUITests-resources.sh\"\n";
			showEnvVarsInLog = 0;
		};
		81441B0B07C003B1EC5D1A1E /* [CP] Embed Pods Frameworks */ = {
			isa = PBXShellScriptBuildPhase;
			buildActionMask = 2147483647;
			files = (
			);
			inputPaths = (
			);
			name = "[CP] Embed Pods Frameworks";
			outputPaths = (
			);
			runOnlyForDeploymentPostprocessing = 0;
			shellPath = /bin/sh;
			shellScript = "\"${SRCROOT}/Pods/Target Support Files/Pods-AppFunction/Pods-AppFunction-frameworks.sh\"\n";
			showEnvVarsInLog = 0;
		};
		84AFE44639F1D4EDD590B975 /* [CP] Embed Pods Frameworks */ = {
			isa = PBXShellScriptBuildPhase;
			buildActionMask = 2147483647;
			files = (
			);
			inputPaths = (
			);
			name = "[CP] Embed Pods Frameworks";
			outputPaths = (
			);
			runOnlyForDeploymentPostprocessing = 0;
			shellPath = /bin/sh;
			shellScript = "\"${SRCROOT}/Pods/Target Support Files/Pods-AppFunctionTests/Pods-AppFunctionTests-frameworks.sh\"\n";
			showEnvVarsInLog = 0;
		};
		8F0FC8F8EF5D7D76DD16E51D /* [CP] Check Pods Manifest.lock */ = {
			isa = PBXShellScriptBuildPhase;
			buildActionMask = 2147483647;
			files = (
			);
			inputPaths = (
				"${PODS_PODFILE_DIR_PATH}/Podfile.lock",
				"${PODS_ROOT}/Manifest.lock",
			);
			name = "[CP] Check Pods Manifest.lock";
			outputPaths = (
				"$(DERIVED_FILE_DIR)/Pods-AppFunctionTests-checkManifestLockResult.txt",
			);
			runOnlyForDeploymentPostprocessing = 0;
			shellPath = /bin/sh;
			shellScript = "diff \"${PODS_PODFILE_DIR_PATH}/Podfile.lock\" \"${PODS_ROOT}/Manifest.lock\" > /dev/null\nif [ $? != 0 ] ; then\n    # print error to STDERR\n    echo \"error: The sandbox is not in sync with the Podfile.lock. Run 'pod install' or update your CocoaPods installation.\" >&2\n    exit 1\nfi\n# This output is used by Xcode 'outputs' to avoid re-running this script phase.\necho \"SUCCESS\" > \"${SCRIPT_OUTPUT_FILE_0}\"\n";
			showEnvVarsInLog = 0;
		};
		D1290EAEE4C99C7BBCE68715 /* [CP] Copy Pods Resources */ = {
			isa = PBXShellScriptBuildPhase;
			buildActionMask = 2147483647;
			files = (
			);
			inputPaths = (
			);
			name = "[CP] Copy Pods Resources";
			outputPaths = (
			);
			runOnlyForDeploymentPostprocessing = 0;
			shellPath = /bin/sh;
			shellScript = "\"${SRCROOT}/Pods/Target Support Files/Pods-AppFunctionTests/Pods-AppFunctionTests-resources.sh\"\n";
			showEnvVarsInLog = 0;
		};
		E25CFDFBDC644E3A139D4872 /* [CP] Check Pods Manifest.lock */ = {
			isa = PBXShellScriptBuildPhase;
			buildActionMask = 2147483647;
			files = (
			);
			inputPaths = (
				"${PODS_PODFILE_DIR_PATH}/Podfile.lock",
				"${PODS_ROOT}/Manifest.lock",
			);
			name = "[CP] Check Pods Manifest.lock";
			outputPaths = (
				"$(DERIVED_FILE_DIR)/Pods-AppFunctionUITests-checkManifestLockResult.txt",
			);
			runOnlyForDeploymentPostprocessing = 0;
			shellPath = /bin/sh;
			shellScript = "diff \"${PODS_PODFILE_DIR_PATH}/Podfile.lock\" \"${PODS_ROOT}/Manifest.lock\" > /dev/null\nif [ $? != 0 ] ; then\n    # print error to STDERR\n    echo \"error: The sandbox is not in sync with the Podfile.lock. Run 'pod install' or update your CocoaPods installation.\" >&2\n    exit 1\nfi\n# This output is used by Xcode 'outputs' to avoid re-running this script phase.\necho \"SUCCESS\" > \"${SCRIPT_OUTPUT_FILE_0}\"\n";
			showEnvVarsInLog = 0;
		};
/* End PBXShellScriptBuildPhase section */

/* Begin PBXSourcesBuildPhase section */
		61AE28AC20EB287F006B8551 /* Sources */ = {
			isa = PBXSourcesBuildPhase;
			buildActionMask = 2147483647;
			files = (
				61AE28B820EB287F006B8551 /* ViewController.m in Sources */,
				61AE290B20EB2E23006B8551 /* RDCollectionViewDatasource.m in Sources */,
				61AE291520EB4B87006B8551 /* NSObject+GeneralConroller.m in Sources */,
				61AE28C320EB2881006B8551 /* main.m in Sources */,
				61AE290820EB2E23006B8551 /* RDTableViewDatasource.m in Sources */,
				61AE28F020EB2C95006B8551 /* IBManager.m in Sources */,
				61AE290920EB2E23006B8551 /* RDTableViewDelegate.m in Sources */,
				61AE290A20EB2E23006B8551 /* RDCollectionViewDelegate.m in Sources */,
				61AE291B20EB5A13006B8551 /* RDNetworkManager.m in Sources */,
				61AE28EA20EB2924006B8551 /* FlowViewController.m in Sources */,
				618C373B20F5EEA300FBA2D8 /* FunctionMenu.m in Sources */,
				61AE291120EB4AE5006B8551 /* NSObject+AlertController.m in Sources */,
				61FA01A520EDD38D009FA0A2 /* UIImage+RDThumbnail.m in Sources */,
				61AE28B520EB287F006B8551 /* AppDelegate.m in Sources */,
			);
			runOnlyForDeploymentPostprocessing = 0;
		};
		61AE28C420EB2881006B8551 /* Sources */ = {
			isa = PBXSourcesBuildPhase;
			buildActionMask = 2147483647;
			files = (
				61AE28CD20EB2881006B8551 /* AppFunctionTests.m in Sources */,
			);
			runOnlyForDeploymentPostprocessing = 0;
		};
		61AE28CF20EB2881006B8551 /* Sources */ = {
			isa = PBXSourcesBuildPhase;
			buildActionMask = 2147483647;
			files = (
				61AE28D820EB2881006B8551 /* AppFunctionUITests.m in Sources */,
			);
			runOnlyForDeploymentPostprocessing = 0;
		};
/* End PBXSourcesBuildPhase section */

/* Begin PBXTargetDependency section */
		61AE28CA20EB2881006B8551 /* PBXTargetDependency */ = {
			isa = PBXTargetDependency;
			target = 61AE28AF20EB287F006B8551 /* AppFunction */;
			targetProxy = 61AE28C920EB2881006B8551 /* PBXContainerItemProxy */;
		};
		61AE28D520EB2881006B8551 /* PBXTargetDependency */ = {
			isa = PBXTargetDependency;
			target = 61AE28AF20EB287F006B8551 /* AppFunction */;
			targetProxy = 61AE28D420EB2881006B8551 /* PBXContainerItemProxy */;
		};
/* End PBXTargetDependency section */

/* Begin PBXVariantGroup section */
		61AE28B920EB287F006B8551 /* Main.storyboard */ = {
			isa = PBXVariantGroup;
			children = (
				61AE28BA20EB287F006B8551 /* Base */,
			);
			name = Main.storyboard;
			sourceTree = "<group>";
		};
		61AE28BE20EB2881006B8551 /* LaunchScreen.storyboard */ = {
			isa = PBXVariantGroup;
			children = (
				61AE28BF20EB2881006B8551 /* Base */,
			);
			name = LaunchScreen.storyboard;
			sourceTree = "<group>";
		};
/* End PBXVariantGroup section */

/* Begin XCBuildConfiguration section */
		61AE28DA20EB2881006B8551 /* Debug */ = {
			isa = XCBuildConfiguration;
			buildSettings = {
				ALWAYS_SEARCH_USER_PATHS = NO;
				CLANG_ANALYZER_NONNULL = YES;
				CLANG_ANALYZER_NUMBER_OBJECT_CONVERSION = YES_AGGRESSIVE;
				CLANG_CXX_LANGUAGE_STANDARD = "gnu++14";
				CLANG_CXX_LIBRARY = "libc++";
				CLANG_ENABLE_MODULES = YES;
				CLANG_ENABLE_OBJC_ARC = YES;
				CLANG_ENABLE_OBJC_WEAK = YES;
				CLANG_WARN_BLOCK_CAPTURE_AUTORELEASING = YES;
				CLANG_WARN_BOOL_CONVERSION = YES;
				CLANG_WARN_COMMA = YES;
				CLANG_WARN_CONSTANT_CONVERSION = YES;
				CLANG_WARN_DEPRECATED_OBJC_IMPLEMENTATIONS = YES;
				CLANG_WARN_DIRECT_OBJC_ISA_USAGE = YES_ERROR;
				CLANG_WARN_DOCUMENTATION_COMMENTS = YES;
				CLANG_WARN_EMPTY_BODY = YES;
				CLANG_WARN_ENUM_CONVERSION = YES;
				CLANG_WARN_INFINITE_RECURSION = YES;
				CLANG_WARN_INT_CONVERSION = YES;
				CLANG_WARN_NON_LITERAL_NULL_CONVERSION = YES;
				CLANG_WARN_OBJC_IMPLICIT_RETAIN_SELF = YES;
				CLANG_WARN_OBJC_LITERAL_CONVERSION = YES;
				CLANG_WARN_OBJC_ROOT_CLASS = YES_ERROR;
				CLANG_WARN_RANGE_LOOP_ANALYSIS = YES;
				CLANG_WARN_STRICT_PROTOTYPES = YES;
				CLANG_WARN_SUSPICIOUS_MOVE = YES;
				CLANG_WARN_UNGUARDED_AVAILABILITY = YES_AGGRESSIVE;
				CLANG_WARN_UNREACHABLE_CODE = YES;
				CLANG_WARN__DUPLICATE_METHOD_MATCH = YES;
				CODE_SIGN_IDENTITY = "iPhone Developer";
				COPY_PHASE_STRIP = NO;
				DEBUG_INFORMATION_FORMAT = dwarf;
				ENABLE_STRICT_OBJC_MSGSEND = YES;
				ENABLE_TESTABILITY = YES;
				GCC_C_LANGUAGE_STANDARD = gnu11;
				GCC_DYNAMIC_NO_PIC = NO;
				GCC_NO_COMMON_BLOCKS = YES;
				GCC_OPTIMIZATION_LEVEL = 0;
				GCC_PREPROCESSOR_DEFINITIONS = (
					"DEBUG=1",
					"$(inherited)",
				);
				GCC_WARN_64_TO_32_BIT_CONVERSION = YES;
				GCC_WARN_ABOUT_RETURN_TYPE = YES_ERROR;
				GCC_WARN_UNDECLARED_SELECTOR = YES;
				GCC_WARN_UNINITIALIZED_AUTOS = YES_AGGRESSIVE;
				GCC_WARN_UNUSED_FUNCTION = YES;
				GCC_WARN_UNUSED_VARIABLE = YES;
				IPHONEOS_DEPLOYMENT_TARGET = 9.0;
				MTL_ENABLE_DEBUG_INFO = YES;
				ONLY_ACTIVE_ARCH = YES;
				SDKROOT = iphoneos;
			};
			name = Debug;
		};
		61AE28DB20EB2881006B8551 /* Release */ = {
			isa = XCBuildConfiguration;
			buildSettings = {
				ALWAYS_SEARCH_USER_PATHS = NO;
				CLANG_ANALYZER_NONNULL = YES;
				CLANG_ANALYZER_NUMBER_OBJECT_CONVERSION = YES_AGGRESSIVE;
				CLANG_CXX_LANGUAGE_STANDARD = "gnu++14";
				CLANG_CXX_LIBRARY = "libc++";
				CLANG_ENABLE_MODULES = YES;
				CLANG_ENABLE_OBJC_ARC = YES;
				CLANG_ENABLE_OBJC_WEAK = YES;
				CLANG_WARN_BLOCK_CAPTURE_AUTORELEASING = YES;
				CLANG_WARN_BOOL_CONVERSION = YES;
				CLANG_WARN_COMMA = YES;
				CLANG_WARN_CONSTANT_CONVERSION = YES;
				CLANG_WARN_DEPRECATED_OBJC_IMPLEMENTATIONS = YES;
				CLANG_WARN_DIRECT_OBJC_ISA_USAGE = YES_ERROR;
				CLANG_WARN_DOCUMENTATION_COMMENTS = YES;
				CLANG_WARN_EMPTY_BODY = YES;
				CLANG_WARN_ENUM_CONVERSION = YES;
				CLANG_WARN_INFINITE_RECURSION = YES;
				CLANG_WARN_INT_CONVERSION = YES;
				CLANG_WARN_NON_LITERAL_NULL_CONVERSION = YES;
				CLANG_WARN_OBJC_IMPLICIT_RETAIN_SELF = YES;
				CLANG_WARN_OBJC_LITERAL_CONVERSION = YES;
				CLANG_WARN_OBJC_ROOT_CLASS = YES_ERROR;
				CLANG_WARN_RANGE_LOOP_ANALYSIS = YES;
				CLANG_WARN_STRICT_PROTOTYPES = YES;
				CLANG_WARN_SUSPICIOUS_MOVE = YES;
				CLANG_WARN_UNGUARDED_AVAILABILITY = YES_AGGRESSIVE;
				CLANG_WARN_UNREACHABLE_CODE = YES;
				CLANG_WARN__DUPLICATE_METHOD_MATCH = YES;
				CODE_SIGN_IDENTITY = "iPhone Developer";
				COPY_PHASE_STRIP = NO;
				DEBUG_INFORMATION_FORMAT = "dwarf-with-dsym";
				ENABLE_NS_ASSERTIONS = NO;
				ENABLE_STRICT_OBJC_MSGSEND = YES;
				GCC_C_LANGUAGE_STANDARD = gnu11;
				GCC_NO_COMMON_BLOCKS = YES;
				GCC_WARN_64_TO_32_BIT_CONVERSION = YES;
				GCC_WARN_ABOUT_RETURN_TYPE = YES_ERROR;
				GCC_WARN_UNDECLARED_SELECTOR = YES;
				GCC_WARN_UNINITIALIZED_AUTOS = YES_AGGRESSIVE;
				GCC_WARN_UNUSED_FUNCTION = YES;
				GCC_WARN_UNUSED_VARIABLE = YES;
				IPHONEOS_DEPLOYMENT_TARGET = 9.0;
				MTL_ENABLE_DEBUG_INFO = NO;
				SDKROOT = iphoneos;
				VALIDATE_PRODUCT = YES;
			};
			name = Release;
		};
		61AE28DD20EB2881006B8551 /* Debug */ = {
			isa = XCBuildConfiguration;
			baseConfigurationReference = 3AE03056AFBBD919B1B3A287 /* Pods-AppFunction.debug.xcconfig */;
			buildSettings = {
				ASSETCATALOG_COMPILER_APPICON_NAME = AppIcon;
				CODE_SIGN_STYLE = Automatic;
				DEVELOPMENT_TEAM = FBVYKESUN4;
				INFOPLIST_FILE = "$(SRCROOT)/AppFunction/sources/Info.plist";
				LD_RUNPATH_SEARCH_PATHS = (
					"$(inherited)",
					"@executable_path/Frameworks",
				);
				PRODUCT_BUNDLE_IDENTIFIER = com.yangsong.AppFunction;
				PRODUCT_NAME = "$(TARGET_NAME)";
				TARGETED_DEVICE_FAMILY = "1,2";
			};
			name = Debug;
		};
		61AE28DE20EB2881006B8551 /* Release */ = {
			isa = XCBuildConfiguration;
			baseConfigurationReference = 4262FA86DC16FD05FE60CB41 /* Pods-AppFunction.release.xcconfig */;
			buildSettings = {
				ASSETCATALOG_COMPILER_APPICON_NAME = AppIcon;
				CODE_SIGN_STYLE = Automatic;
				DEVELOPMENT_TEAM = FBVYKESUN4;
				INFOPLIST_FILE = "$(SRCROOT)/AppFunction/sources/Info.plist";
				LD_RUNPATH_SEARCH_PATHS = (
					"$(inherited)",
					"@executable_path/Frameworks",
				);
				PRODUCT_BUNDLE_IDENTIFIER = com.yangsong.AppFunction;
				PRODUCT_NAME = "$(TARGET_NAME)";
				TARGETED_DEVICE_FAMILY = "1,2";
			};
			name = Release;
		};
		61AE28E020EB2881006B8551 /* Debug */ = {
			isa = XCBuildConfiguration;
			baseConfigurationReference = 4B1A762524374918EBC20921 /* Pods-AppFunctionTests.debug.xcconfig */;
			buildSettings = {
				BUNDLE_LOADER = "$(TEST_HOST)";
				CODE_SIGN_STYLE = Automatic;
				DEVELOPMENT_TEAM = FBVYKESUN4;
				INFOPLIST_FILE = AppFunctionTests/Info.plist;
				LD_RUNPATH_SEARCH_PATHS = (
					"$(inherited)",
					"@executable_path/Frameworks",
					"@loader_path/Frameworks",
				);
				PRODUCT_BUNDLE_IDENTIFIER = com.yangsong.AppFunctionTests;
				PRODUCT_NAME = "$(TARGET_NAME)";
				TARGETED_DEVICE_FAMILY = "1,2";
				TEST_HOST = "$(BUILT_PRODUCTS_DIR)/AppFunction.app/AppFunction";
			};
			name = Debug;
		};
		61AE28E120EB2881006B8551 /* Release */ = {
			isa = XCBuildConfiguration;
			baseConfigurationReference = 7882611D47CDC81550986A4B /* Pods-AppFunctionTests.release.xcconfig */;
			buildSettings = {
				BUNDLE_LOADER = "$(TEST_HOST)";
				CODE_SIGN_STYLE = Automatic;
				DEVELOPMENT_TEAM = FBVYKESUN4;
				INFOPLIST_FILE = AppFunctionTests/Info.plist;
				LD_RUNPATH_SEARCH_PATHS = (
					"$(inherited)",
					"@executable_path/Frameworks",
					"@loader_path/Frameworks",
				);
				PRODUCT_BUNDLE_IDENTIFIER = com.yangsong.AppFunctionTests;
				PRODUCT_NAME = "$(TARGET_NAME)";
				TARGETED_DEVICE_FAMILY = "1,2";
				TEST_HOST = "$(BUILT_PRODUCTS_DIR)/AppFunction.app/AppFunction";
			};
			name = Release;
		};
		61AE28E320EB2881006B8551 /* Debug */ = {
			isa = XCBuildConfiguration;
			baseConfigurationReference = BCA95A8E37DD0616DBCF7D7C /* Pods-AppFunctionUITests.debug.xcconfig */;
			buildSettings = {
				CODE_SIGN_STYLE = Automatic;
				DEVELOPMENT_TEAM = FBVYKESUN4;
				INFOPLIST_FILE = AppFunctionUITests/Info.plist;
				LD_RUNPATH_SEARCH_PATHS = (
					"$(inherited)",
					"@executable_path/Frameworks",
					"@loader_path/Frameworks",
				);
				PRODUCT_BUNDLE_IDENTIFIER = com.yangsong.AppFunctionUITests;
				PRODUCT_NAME = "$(TARGET_NAME)";
				TARGETED_DEVICE_FAMILY = "1,2";
				TEST_TARGET_NAME = AppFunction;
			};
			name = Debug;
		};
		61AE28E420EB2881006B8551 /* Release */ = {
			isa = XCBuildConfiguration;
			baseConfigurationReference = 38C6E17BF044AFD85FFCFD1E /* Pods-AppFunctionUITests.release.xcconfig */;
			buildSettings = {
				CODE_SIGN_STYLE = Automatic;
				DEVELOPMENT_TEAM = FBVYKESUN4;
				INFOPLIST_FILE = AppFunctionUITests/Info.plist;
				LD_RUNPATH_SEARCH_PATHS = (
					"$(inherited)",
					"@executable_path/Frameworks",
					"@loader_path/Frameworks",
				);
				PRODUCT_BUNDLE_IDENTIFIER = com.yangsong.AppFunctionUITests;
				PRODUCT_NAME = "$(TARGET_NAME)";
				TARGETED_DEVICE_FAMILY = "1,2";
				TEST_TARGET_NAME = AppFunction;
			};
			name = Release;
		};
/* End XCBuildConfiguration section */

/* Begin XCConfigurationList section */
		61AE28AB20EB287F006B8551 /* Build configuration list for PBXProject "AppFunction" */ = {
			isa = XCConfigurationList;
			buildConfigurations = (
				61AE28DA20EB2881006B8551 /* Debug */,
				61AE28DB20EB2881006B8551 /* Release */,
			);
			defaultConfigurationIsVisible = 0;
			defaultConfigurationName = Release;
		};
		61AE28DC20EB2881006B8551 /* Build configuration list for PBXNativeTarget "AppFunction" */ = {
			isa = XCConfigurationList;
			buildConfigurations = (
				61AE28DD20EB2881006B8551 /* Debug */,
				61AE28DE20EB2881006B8551 /* Release */,
			);
			defaultConfigurationIsVisible = 0;
			defaultConfigurationName = Release;
		};
		61AE28DF20EB2881006B8551 /* Build configuration list for PBXNativeTarget "AppFunctionTests" */ = {
			isa = XCConfigurationList;
			buildConfigurations = (
				61AE28E020EB2881006B8551 /* Debug */,
				61AE28E120EB2881006B8551 /* Release */,
			);
			defaultConfigurationIsVisible = 0;
			defaultConfigurationName = Release;
		};
		61AE28E220EB2881006B8551 /* Build configuration list for PBXNativeTarget "AppFunctionUITests" */ = {
			isa = XCConfigurationList;
			buildConfigurations = (
				61AE28E320EB2881006B8551 /* Debug */,
				61AE28E420EB2881006B8551 /* Release */,
			);
			defaultConfigurationIsVisible = 0;
			defaultConfigurationName = Release;
		};
/* End XCConfigurationList section */
	};
	rootObject = 61AE28A820EB287F006B8551 /* Project object */;
}
