// !$*UTF8*$!
{
	archiveVersion = 1;
	classes = {
	};
	objectVersion = 50;
	objects = {

/* Begin PBXBuildFile section */
		6141F23620D258B100FB4EAB /* BlockIMP.m in Sources */ = {isa = PBXBuildFile; fileRef = 6141F23520D258B100FB4EAB /* BlockIMP.m */; };
		6148ABD420CF98FB00C98913 /* RunloopTest.m in Sources */ = {isa = PBXBuildFile; fileRef = 6148ABD320CF98FB00C98913 /* RunloopTest.m */; };
		6170E73D20C8FCCE0078A329 /* PassingStruct.m in Sources */ = {isa = PBXBuildFile; fileRef = 6170E73C20C8FCCE0078A329 /* PassingStruct.m */; };
		6170E74120C9106B0078A329 /* DeleteFilesHierarchily.m in Sources */ = {isa = PBXBuildFile; fileRef = 6170E74020C9106B0078A329 /* DeleteFilesHierarchily.m */; };
		619E9C5220C8DC3900AC61EA /* AppDelegate.m in Sources */ = {isa = PBXBuildFile; fileRef = 619E9C5120C8DC3900AC61EA /* AppDelegate.m */; };
		619E9C5520C8DC3900AC61EA /* ViewController.m in Sources */ = {isa = PBXBuildFile; fileRef = 619E9C5420C8DC3900AC61EA /* ViewController.m */; };
		619E9C5820C8DC3900AC61EA /* Main.storyboard in Resources */ = {isa = PBXBuildFile; fileRef = 619E9C5620C8DC3900AC61EA /* Main.storyboard */; };
		619E9C5A20C8DC3A00AC61EA /* Assets.xcassets in Resources */ = {isa = PBXBuildFile; fileRef = 619E9C5920C8DC3A00AC61EA /* Assets.xcassets */; };
		619E9C5D20C8DC3A00AC61EA /* LaunchScreen.storyboard in Resources */ = {isa = PBXBuildFile; fileRef = 619E9C5B20C8DC3A00AC61EA /* LaunchScreen.storyboard */; };
		619E9C6020C8DC3A00AC61EA /* main.m in Sources */ = {isa = PBXBuildFile; fileRef = 619E9C5F20C8DC3A00AC61EA /* main.m */; };
		619E9C6A20C8DC3A00AC61EA /* _________OCTests.m in Sources */ = {isa = PBXBuildFile; fileRef = 619E9C6920C8DC3A00AC61EA /* _________OCTests.m */; };
		619E9C7520C8DC3A00AC61EA /* _________OCUITests.m in Sources */ = {isa = PBXBuildFile; fileRef = 619E9C7420C8DC3A00AC61EA /* _________OCUITests.m */; };
		619E9C8520C8DD2000AC61EA /* Fanshejizhi.m in Sources */ = {isa = PBXBuildFile; fileRef = 619E9C8420C8DD2000AC61EA /* Fanshejizhi.m */; };
		61A82D3720D23BB8007BC938 /* RetainCycle.m in Sources */ = {isa = PBXBuildFile; fileRef = 61A82D3620D23BB8007BC938 /* RetainCycle.m */; };
		61AC81C320E3697300ED73EE /* BlockRetainCycle.m in Sources */ = {isa = PBXBuildFile; fileRef = 61AC81C220E3697300ED73EE /* BlockRetainCycle.m */; };
		61B2973A20E4B01A00D35AF6 /* HowToUseBlock.m in Sources */ = {isa = PBXBuildFile; fileRef = 61B2973920E4B01A00D35AF6 /* HowToUseBlock.m */; };
		61B2974020E4BF0000D35AF6 /* NSTimer+Block.m in Sources */ = {isa = PBXBuildFile; fileRef = 61B2973F20E4BF0000D35AF6 /* NSTimer+Block.m */; };
		61B2974520E4E26400D35AF6 /* TableViewController.m in Sources */ = {isa = PBXBuildFile; fileRef = 61B2974320E4E26400D35AF6 /* TableViewController.m */; };
		61B2974620E4E26400D35AF6 /* TableViewController.xib in Resources */ = {isa = PBXBuildFile; fileRef = 61B2974420E4E26400D35AF6 /* TableViewController.xib */; };
		61D8448520E3723E0074763E /* BlockValueViewController.m in Sources */ = {isa = PBXBuildFile; fileRef = 61D8448420E3723E0074763E /* BlockValueViewController.m */; };
		61ECECE820D0D74C008E9BFA /* ARCRetainCount.m in Sources */ = {isa = PBXBuildFile; fileRef = 61ECECE420D0D74C008E9BFA /* ARCRetainCount.m */; settings = {COMPILER_FLAGS = "-fno-objc-arc"; }; };
/* End PBXBuildFile section */

/* Begin PBXContainerItemProxy section */
		619E9C6620C8DC3A00AC61EA /* PBXContainerItemProxy */ = {
			isa = PBXContainerItemProxy;
			containerPortal = 619E9C4520C8DC3900AC61EA /* Project object */;
			proxyType = 1;
			remoteGlobalIDString = 619E9C4C20C8DC3900AC61EA;
			remoteInfo = "面试葵花宝典 - OC";
		};
		619E9C7120C8DC3A00AC61EA /* PBXContainerItemProxy */ = {
			isa = PBXContainerItemProxy;
			containerPortal = 619E9C4520C8DC3900AC61EA /* Project object */;
			proxyType = 1;
			remoteGlobalIDString = 619E9C4C20C8DC3900AC61EA;
			remoteInfo = "面试葵花宝典 - OC";
		};
/* End PBXContainerItemProxy section */

/* Begin PBXFileReference section */
		6141F23420D258B100FB4EAB /* BlockIMP.h */ = {isa = PBXFileReference; lastKnownFileType = sourcecode.c.h; path = BlockIMP.h; sourceTree = "<group>"; };
		6141F23520D258B100FB4EAB /* BlockIMP.m */ = {isa = PBXFileReference; lastKnownFileType = sourcecode.c.objc; path = BlockIMP.m; sourceTree = "<group>"; };
		6148ABD220CF98FB00C98913 /* RunloopTest.h */ = {isa = PBXFileReference; lastKnownFileType = sourcecode.c.h; path = RunloopTest.h; sourceTree = "<group>"; };
		6148ABD320CF98FB00C98913 /* RunloopTest.m */ = {isa = PBXFileReference; lastKnownFileType = sourcecode.c.objc; path = RunloopTest.m; sourceTree = "<group>"; };
		6170E73B20C8FCCE0078A329 /* PassingStruct.h */ = {isa = PBXFileReference; lastKnownFileType = sourcecode.c.h; path = PassingStruct.h; sourceTree = "<group>"; };
		6170E73C20C8FCCE0078A329 /* PassingStruct.m */ = {isa = PBXFileReference; lastKnownFileType = sourcecode.c.objc; path = PassingStruct.m; sourceTree = "<group>"; };
		6170E73F20C9106B0078A329 /* DeleteFilesHierarchily.h */ = {isa = PBXFileReference; lastKnownFileType = sourcecode.c.h; path = DeleteFilesHierarchily.h; sourceTree = "<group>"; };
		6170E74020C9106B0078A329 /* DeleteFilesHierarchily.m */ = {isa = PBXFileReference; lastKnownFileType = sourcecode.c.objc; path = DeleteFilesHierarchily.m; sourceTree = "<group>"; };
		619E9C4D20C8DC3900AC61EA /* 面试葵花宝典 - OC.app */ = {isa = PBXFileReference; explicitFileType = wrapper.application; includeInIndex = 0; path = "面试葵花宝典 - OC.app"; sourceTree = BUILT_PRODUCTS_DIR; };
		619E9C5020C8DC3900AC61EA /* AppDelegate.h */ = {isa = PBXFileReference; lastKnownFileType = sourcecode.c.h; path = AppDelegate.h; sourceTree = "<group>"; };
		619E9C5120C8DC3900AC61EA /* AppDelegate.m */ = {isa = PBXFileReference; lastKnownFileType = sourcecode.c.objc; path = AppDelegate.m; sourceTree = "<group>"; };
		619E9C5320C8DC3900AC61EA /* ViewController.h */ = {isa = PBXFileReference; lastKnownFileType = sourcecode.c.h; path = ViewController.h; sourceTree = "<group>"; };
		619E9C5420C8DC3900AC61EA /* ViewController.m */ = {isa = PBXFileReference; lastKnownFileType = sourcecode.c.objc; path = ViewController.m; sourceTree = "<group>"; };
		619E9C5720C8DC3900AC61EA /* Base */ = {isa = PBXFileReference; lastKnownFileType = file.storyboard; name = Base; path = Base.lproj/Main.storyboard; sourceTree = "<group>"; };
		619E9C5920C8DC3A00AC61EA /* Assets.xcassets */ = {isa = PBXFileReference; lastKnownFileType = folder.assetcatalog; path = Assets.xcassets; sourceTree = "<group>"; };
		619E9C5C20C8DC3A00AC61EA /* Base */ = {isa = PBXFileReference; lastKnownFileType = file.storyboard; name = Base; path = Base.lproj/LaunchScreen.storyboard; sourceTree = "<group>"; };
		619E9C5E20C8DC3A00AC61EA /* Info.plist */ = {isa = PBXFileReference; lastKnownFileType = text.plist.xml; path = Info.plist; sourceTree = "<group>"; };
		619E9C5F20C8DC3A00AC61EA /* main.m */ = {isa = PBXFileReference; lastKnownFileType = sourcecode.c.objc; path = main.m; sourceTree = "<group>"; };
		619E9C6520C8DC3A00AC61EA /* 面试葵花宝典 - OCTests.xctest */ = {isa = PBXFileReference; explicitFileType = wrapper.cfbundle; includeInIndex = 0; path = "面试葵花宝典 - OCTests.xctest"; sourceTree = BUILT_PRODUCTS_DIR; };
		619E9C6920C8DC3A00AC61EA /* _________OCTests.m */ = {isa = PBXFileReference; lastKnownFileType = sourcecode.c.objc; path = "_________OCTests.m"; sourceTree = "<group>"; };
		619E9C6B20C8DC3A00AC61EA /* Info.plist */ = {isa = PBXFileReference; lastKnownFileType = text.plist.xml; path = Info.plist; sourceTree = "<group>"; };
		619E9C7020C8DC3A00AC61EA /* 面试葵花宝典 - OCUITests.xctest */ = {isa = PBXFileReference; explicitFileType = wrapper.cfbundle; includeInIndex = 0; path = "面试葵花宝典 - OCUITests.xctest"; sourceTree = BUILT_PRODUCTS_DIR; };
		619E9C7420C8DC3A00AC61EA /* _________OCUITests.m */ = {isa = PBXFileReference; lastKnownFileType = sourcecode.c.objc; path = "_________OCUITests.m"; sourceTree = "<group>"; };
		619E9C7620C8DC3A00AC61EA /* Info.plist */ = {isa = PBXFileReference; lastKnownFileType = text.plist.xml; path = Info.plist; sourceTree = "<group>"; };
		619E9C8320C8DD2000AC61EA /* Fanshejizhi.h */ = {isa = PBXFileReference; lastKnownFileType = sourcecode.c.h; path = Fanshejizhi.h; sourceTree = "<group>"; };
		619E9C8420C8DD2000AC61EA /* Fanshejizhi.m */ = {isa = PBXFileReference; lastKnownFileType = sourcecode.c.objc; path = Fanshejizhi.m; sourceTree = "<group>"; };
		61A82D3520D23BB8007BC938 /* RetainCycle.h */ = {isa = PBXFileReference; lastKnownFileType = sourcecode.c.h; path = RetainCycle.h; sourceTree = "<group>"; };
		61A82D3620D23BB8007BC938 /* RetainCycle.m */ = {isa = PBXFileReference; lastKnownFileType = sourcecode.c.objc; path = RetainCycle.m; sourceTree = "<group>"; };
		61AC81C120E3697300ED73EE /* BlockRetainCycle.h */ = {isa = PBXFileReference; lastKnownFileType = sourcecode.c.h; path = BlockRetainCycle.h; sourceTree = "<group>"; };
		61AC81C220E3697300ED73EE /* BlockRetainCycle.m */ = {isa = PBXFileReference; lastKnownFileType = sourcecode.c.objc; path = BlockRetainCycle.m; sourceTree = "<group>"; };
		61B2973820E4B01A00D35AF6 /* HowToUseBlock.h */ = {isa = PBXFileReference; lastKnownFileType = sourcecode.c.h; path = HowToUseBlock.h; sourceTree = "<group>"; };
		61B2973920E4B01A00D35AF6 /* HowToUseBlock.m */ = {isa = PBXFileReference; lastKnownFileType = sourcecode.c.objc; path = HowToUseBlock.m; sourceTree = "<group>"; };
		61B2973E20E4BF0000D35AF6 /* NSTimer+Block.h */ = {isa = PBXFileReference; lastKnownFileType = sourcecode.c.h; path = "NSTimer+Block.h"; sourceTree = "<group>"; };
		61B2973F20E4BF0000D35AF6 /* NSTimer+Block.m */ = {isa = PBXFileReference; lastKnownFileType = sourcecode.c.objc; path = "NSTimer+Block.m"; sourceTree = "<group>"; };
		61B2974220E4E26400D35AF6 /* TableViewController.h */ = {isa = PBXFileReference; lastKnownFileType = sourcecode.c.h; path = TableViewController.h; sourceTree = "<group>"; };
		61B2974320E4E26400D35AF6 /* TableViewController.m */ = {isa = PBXFileReference; lastKnownFileType = sourcecode.c.objc; path = TableViewController.m; sourceTree = "<group>"; };
		61B2974420E4E26400D35AF6 /* TableViewController.xib */ = {isa = PBXFileReference; lastKnownFileType = file.xib; path = TableViewController.xib; sourceTree = "<group>"; };
		61D8448320E3723E0074763E /* BlockValueViewController.h */ = {isa = PBXFileReference; lastKnownFileType = sourcecode.c.h; path = BlockValueViewController.h; sourceTree = "<group>"; };
		61D8448420E3723E0074763E /* BlockValueViewController.m */ = {isa = PBXFileReference; lastKnownFileType = sourcecode.c.objc; path = BlockValueViewController.m; sourceTree = "<group>"; };
		61ECECE420D0D74C008E9BFA /* ARCRetainCount.m */ = {isa = PBXFileReference; fileEncoding = 4; lastKnownFileType = sourcecode.c.objc; path = ARCRetainCount.m; sourceTree = "<group>"; };
		61ECECE720D0D74C008E9BFA /* ARCRetainCount.h */ = {isa = PBXFileReference; fileEncoding = 4; lastKnownFileType = sourcecode.c.h; path = ARCRetainCount.h; sourceTree = "<group>"; };
/* End PBXFileReference section */

/* Begin PBXFrameworksBuildPhase section */
		619E9C4A20C8DC3900AC61EA /* Frameworks */ = {
			isa = PBXFrameworksBuildPhase;
			buildActionMask = 2147483647;
			files = (
			);
			runOnlyForDeploymentPostprocessing = 0;
		};
		619E9C6220C8DC3A00AC61EA /* Frameworks */ = {
			isa = PBXFrameworksBuildPhase;
			buildActionMask = 2147483647;
			files = (
			);
			runOnlyForDeploymentPostprocessing = 0;
		};
		619E9C6D20C8DC3A00AC61EA /* Frameworks */ = {
			isa = PBXFrameworksBuildPhase;
			buildActionMask = 2147483647;
			files = (
			);
			runOnlyForDeploymentPostprocessing = 0;
		};
/* End PBXFrameworksBuildPhase section */

/* Begin PBXGroup section */
		6141F23320D2587D00FB4EAB /* BlockImplementation */ = {
			isa = PBXGroup;
			children = (
				6141F23420D258B100FB4EAB /* BlockIMP.h */,
				6141F23520D258B100FB4EAB /* BlockIMP.m */,
				61AC81C120E3697300ED73EE /* BlockRetainCycle.h */,
				61AC81C220E3697300ED73EE /* BlockRetainCycle.m */,
				61D8448320E3723E0074763E /* BlockValueViewController.h */,
				61D8448420E3723E0074763E /* BlockValueViewController.m */,
				61B2973820E4B01A00D35AF6 /* HowToUseBlock.h */,
				61B2973920E4B01A00D35AF6 /* HowToUseBlock.m */,
				61B2973E20E4BF0000D35AF6 /* NSTimer+Block.h */,
				61B2973F20E4BF0000D35AF6 /* NSTimer+Block.m */,
			);
			path = BlockImplementation;
			sourceTree = "<group>";
		};
		619E9C4420C8DC3900AC61EA = {
			isa = PBXGroup;
			children = (
				619E9C4F20C8DC3900AC61EA /* 面试葵花宝典 - OC */,
				619E9C6820C8DC3A00AC61EA /* 面试葵花宝典 - OCTests */,
				619E9C7320C8DC3A00AC61EA /* 面试葵花宝典 - OCUITests */,
				619E9C4E20C8DC3900AC61EA /* Products */,
			);
			sourceTree = "<group>";
		};
		619E9C4E20C8DC3900AC61EA /* Products */ = {
			isa = PBXGroup;
			children = (
				619E9C4D20C8DC3900AC61EA /* 面试葵花宝典 - OC.app */,
				619E9C6520C8DC3A00AC61EA /* 面试葵花宝典 - OCTests.xctest */,
				619E9C7020C8DC3A00AC61EA /* 面试葵花宝典 - OCUITests.xctest */,
			);
			name = Products;
			sourceTree = "<group>";
		};
		619E9C4F20C8DC3900AC61EA /* 面试葵花宝典 - OC */ = {
			isa = PBXGroup;
			children = (
				619E9C5320C8DC3900AC61EA /* ViewController.h */,
				619E9C5420C8DC3900AC61EA /* ViewController.m */,
				619E9C8320C8DD2000AC61EA /* Fanshejizhi.h */,
				619E9C8420C8DD2000AC61EA /* Fanshejizhi.m */,
				6170E73B20C8FCCE0078A329 /* PassingStruct.h */,
				6170E73C20C8FCCE0078A329 /* PassingStruct.m */,
				6170E73F20C9106B0078A329 /* DeleteFilesHierarchily.h */,
				6170E74020C9106B0078A329 /* DeleteFilesHierarchily.m */,
				6148ABD220CF98FB00C98913 /* RunloopTest.h */,
				6148ABD320CF98FB00C98913 /* RunloopTest.m */,
				61B2974120E4E1FE00D35AF6 /* UI */,
				6141F23320D2587D00FB4EAB /* BlockImplementation */,
				61ECECE320D0D74C008E9BFA /* MemoryManaging */,
				619E9C8220C8DCA500AC61EA /* sources */,
			);
			path = "面试葵花宝典 - OC";
			sourceTree = "<group>";
		};
		619E9C6820C8DC3A00AC61EA /* 面试葵花宝典 - OCTests */ = {
			isa = PBXGroup;
			children = (
				619E9C6920C8DC3A00AC61EA /* _________OCTests.m */,
				619E9C6B20C8DC3A00AC61EA /* Info.plist */,
			);
			path = "面试葵花宝典 - OCTests";
			sourceTree = "<group>";
		};
		619E9C7320C8DC3A00AC61EA /* 面试葵花宝典 - OCUITests */ = {
			isa = PBXGroup;
			children = (
				619E9C7420C8DC3A00AC61EA /* _________OCUITests.m */,
				619E9C7620C8DC3A00AC61EA /* Info.plist */,
			);
			path = "面试葵花宝典 - OCUITests";
			sourceTree = "<group>";
		};
		619E9C8220C8DCA500AC61EA /* sources */ = {
			isa = PBXGroup;
			children = (
				619E9C5020C8DC3900AC61EA /* AppDelegate.h */,
				619E9C5120C8DC3900AC61EA /* AppDelegate.m */,
				619E9C5920C8DC3A00AC61EA /* Assets.xcassets */,
				619E9C5E20C8DC3A00AC61EA /* Info.plist */,
				619E9C5B20C8DC3A00AC61EA /* LaunchScreen.storyboard */,
				619E9C5F20C8DC3A00AC61EA /* main.m */,
				619E9C5620C8DC3900AC61EA /* Main.storyboard */,
			);
			path = sources;
			sourceTree = "<group>";
		};
		61B2974120E4E1FE00D35AF6 /* UI */ = {
			isa = PBXGroup;
			children = (
				61B2974220E4E26400D35AF6 /* TableViewController.h */,
				61B2974320E4E26400D35AF6 /* TableViewController.m */,
				61B2974420E4E26400D35AF6 /* TableViewController.xib */,
			);
			path = UI;
			sourceTree = "<group>";
		};
		61ECECE320D0D74C008E9BFA /* MemoryManaging */ = {
			isa = PBXGroup;
			children = (
				61ECECE720D0D74C008E9BFA /* ARCRetainCount.h */,
				61ECECE420D0D74C008E9BFA /* ARCRetainCount.m */,
				61A82D3520D23BB8007BC938 /* RetainCycle.h */,
				61A82D3620D23BB8007BC938 /* RetainCycle.m */,
			);
			path = MemoryManaging;
			sourceTree = "<group>";
		};
/* End PBXGroup section */

/* Begin PBXNativeTarget section */
		619E9C4C20C8DC3900AC61EA /* 面试葵花宝典 - OC */ = {
			isa = PBXNativeTarget;
			buildConfigurationList = 619E9C7920C8DC3A00AC61EA /* Build configuration list for PBXNativeTarget "面试葵花宝典 - OC" */;
			buildPhases = (
				619E9C4920C8DC3900AC61EA /* Sources */,
				619E9C4A20C8DC3900AC61EA /* Frameworks */,
				619E9C4B20C8DC3900AC61EA /* Resources */,
			);
			buildRules = (
			);
			dependencies = (
			);
			name = "面试葵花宝典 - OC";
			productName = "面试葵花宝典 - OC";
			productReference = 619E9C4D20C8DC3900AC61EA /* 面试葵花宝典 - OC.app */;
			productType = "com.apple.product-type.application";
		};
		619E9C6420C8DC3A00AC61EA /* 面试葵花宝典 - OCTests */ = {
			isa = PBXNativeTarget;
			buildConfigurationList = 619E9C7C20C8DC3A00AC61EA /* Build configuration list for PBXNativeTarget "面试葵花宝典 - OCTests" */;
			buildPhases = (
				619E9C6120C8DC3A00AC61EA /* Sources */,
				619E9C6220C8DC3A00AC61EA /* Frameworks */,
				619E9C6320C8DC3A00AC61EA /* Resources */,
			);
			buildRules = (
			);
			dependencies = (
				619E9C6720C8DC3A00AC61EA /* PBXTargetDependency */,
			);
			name = "面试葵花宝典 - OCTests";
			productName = "面试葵花宝典 - OCTests";
			productReference = 619E9C6520C8DC3A00AC61EA /* 面试葵花宝典 - OCTests.xctest */;
			productType = "com.apple.product-type.bundle.unit-test";
		};
		619E9C6F20C8DC3A00AC61EA /* 面试葵花宝典 - OCUITests */ = {
			isa = PBXNativeTarget;
			buildConfigurationList = 619E9C7F20C8DC3A00AC61EA /* Build configuration list for PBXNativeTarget "面试葵花宝典 - OCUITests" */;
			buildPhases = (
				619E9C6C20C8DC3A00AC61EA /* Sources */,
				619E9C6D20C8DC3A00AC61EA /* Frameworks */,
				619E9C6E20C8DC3A00AC61EA /* Resources */,
			);
			buildRules = (
			);
			dependencies = (
				619E9C7220C8DC3A00AC61EA /* PBXTargetDependency */,
			);
			name = "面试葵花宝典 - OCUITests";
			productName = "面试葵花宝典 - OCUITests";
			productReference = 619E9C7020C8DC3A00AC61EA /* 面试葵花宝典 - OCUITests.xctest */;
			productType = "com.apple.product-type.bundle.ui-testing";
		};
/* End PBXNativeTarget section */

/* Begin PBXProject section */
		619E9C4520C8DC3900AC61EA /* Project object */ = {
			isa = PBXProject;
			attributes = {
				LastUpgradeCheck = 1000;
				ORGANIZATIONNAME = yangsong;
				TargetAttributes = {
					619E9C4C20C8DC3900AC61EA = {
						CreatedOnToolsVersion = 10.0;
					};
					619E9C6420C8DC3A00AC61EA = {
						CreatedOnToolsVersion = 10.0;
						TestTargetID = 619E9C4C20C8DC3900AC61EA;
					};
					619E9C6F20C8DC3A00AC61EA = {
						CreatedOnToolsVersion = 10.0;
						TestTargetID = 619E9C4C20C8DC3900AC61EA;
					};
				};
			};
			buildConfigurationList = 619E9C4820C8DC3900AC61EA /* Build configuration list for PBXProject "面试葵花宝典 - OC" */;
			compatibilityVersion = "Xcode 9.3";
			developmentRegion = en;
			hasScannedForEncodings = 0;
			knownRegions = (
				en,
				Base,
			);
			mainGroup = 619E9C4420C8DC3900AC61EA;
			productRefGroup = 619E9C4E20C8DC3900AC61EA /* Products */;
			projectDirPath = "";
			projectRoot = "";
			targets = (
				619E9C4C20C8DC3900AC61EA /* 面试葵花宝典 - OC */,
				619E9C6420C8DC3A00AC61EA /* 面试葵花宝典 - OCTests */,
				619E9C6F20C8DC3A00AC61EA /* 面试葵花宝典 - OCUITests */,
			);
		};
/* End PBXProject section */

/* Begin PBXResourcesBuildPhase section */
		619E9C4B20C8DC3900AC61EA /* Resources */ = {
			isa = PBXResourcesBuildPhase;
			buildActionMask = 2147483647;
			files = (
				619E9C5D20C8DC3A00AC61EA /* LaunchScreen.storyboard in Resources */,
				619E9C5A20C8DC3A00AC61EA /* Assets.xcassets in Resources */,
				619E9C5820C8DC3900AC61EA /* Main.storyboard in Resources */,
				61B2974620E4E26400D35AF6 /* TableViewController.xib in Resources */,
			);
			runOnlyForDeploymentPostprocessing = 0;
		};
		619E9C6320C8DC3A00AC61EA /* Resources */ = {
			isa = PBXResourcesBuildPhase;
			buildActionMask = 2147483647;
			files = (
			);
			runOnlyForDeploymentPostprocessing = 0;
		};
		619E9C6E20C8DC3A00AC61EA /* Resources */ = {
			isa = PBXResourcesBuildPhase;
			buildActionMask = 2147483647;
			files = (
			);
			runOnlyForDeploymentPostprocessing = 0;
		};
/* End PBXResourcesBuildPhase section */

/* Begin PBXSourcesBuildPhase section */
		619E9C4920C8DC3900AC61EA /* Sources */ = {
			isa = PBXSourcesBuildPhase;
			buildActionMask = 2147483647;
			files = (
				619E9C5520C8DC3900AC61EA /* ViewController.m in Sources */,
				61A82D3720D23BB8007BC938 /* RetainCycle.m in Sources */,
				61B2974020E4BF0000D35AF6 /* NSTimer+Block.m in Sources */,
				61B2973A20E4B01A00D35AF6 /* HowToUseBlock.m in Sources */,
				61AC81C320E3697300ED73EE /* BlockRetainCycle.m in Sources */,
				6141F23620D258B100FB4EAB /* BlockIMP.m in Sources */,
				61D8448520E3723E0074763E /* BlockValueViewController.m in Sources */,
				619E9C6020C8DC3A00AC61EA /* main.m in Sources */,
				619E9C5220C8DC3900AC61EA /* AppDelegate.m in Sources */,
				6148ABD420CF98FB00C98913 /* RunloopTest.m in Sources */,
				619E9C8520C8DD2000AC61EA /* Fanshejizhi.m in Sources */,
				61ECECE820D0D74C008E9BFA /* ARCRetainCount.m in Sources */,
				6170E73D20C8FCCE0078A329 /* PassingStruct.m in Sources */,
				61B2974520E4E26400D35AF6 /* TableViewController.m in Sources */,
				6170E74120C9106B0078A329 /* DeleteFilesHierarchily.m in Sources */,
			);
			runOnlyForDeploymentPostprocessing = 0;
		};
		619E9C6120C8DC3A00AC61EA /* Sources */ = {
			isa = PBXSourcesBuildPhase;
			buildActionMask = 2147483647;
			files = (
				619E9C6A20C8DC3A00AC61EA /* _________OCTests.m in Sources */,
			);
			runOnlyForDeploymentPostprocessing = 0;
		};
		619E9C6C20C8DC3A00AC61EA /* Sources */ = {
			isa = PBXSourcesBuildPhase;
			buildActionMask = 2147483647;
			files = (
				619E9C7520C8DC3A00AC61EA /* _________OCUITests.m in Sources */,
			);
			runOnlyForDeploymentPostprocessing = 0;
		};
/* End PBXSourcesBuildPhase section */

/* Begin PBXTargetDependency section */
		619E9C6720C8DC3A00AC61EA /* PBXTargetDependency */ = {
			isa = PBXTargetDependency;
			target = 619E9C4C20C8DC3900AC61EA /* 面试葵花宝典 - OC */;
			targetProxy = 619E9C6620C8DC3A00AC61EA /* PBXContainerItemProxy */;
		};
		619E9C7220C8DC3A00AC61EA /* PBXTargetDependency */ = {
			isa = PBXTargetDependency;
			target = 619E9C4C20C8DC3900AC61EA /* 面试葵花宝典 - OC */;
			targetProxy = 619E9C7120C8DC3A00AC61EA /* PBXContainerItemProxy */;
		};
/* End PBXTargetDependency section */

/* Begin PBXVariantGroup section */
		619E9C5620C8DC3900AC61EA /* Main.storyboard */ = {
			isa = PBXVariantGroup;
			children = (
				619E9C5720C8DC3900AC61EA /* Base */,
			);
			name = Main.storyboard;
			sourceTree = "<group>";
		};
		619E9C5B20C8DC3A00AC61EA /* LaunchScreen.storyboard */ = {
			isa = PBXVariantGroup;
			children = (
				619E9C5C20C8DC3A00AC61EA /* Base */,
			);
			name = LaunchScreen.storyboard;
			sourceTree = "<group>";
		};
/* End PBXVariantGroup section */

/* Begin XCBuildConfiguration section */
		619E9C7720C8DC3A00AC61EA /* Debug */ = {
			isa = XCBuildConfiguration;
			buildSettings = {
				ALWAYS_SEARCH_USER_PATHS = NO;
				CLANG_ANALYZER_NONNULL = YES;
				CLANG_ANALYZER_NUMBER_OBJECT_CONVERSION = YES_AGGRESSIVE;
				CLANG_CXX_LANGUAGE_STANDARD = "gnu++14";
				CLANG_CXX_LIBRARY = "libc++";
				CLANG_ENABLE_MODULES = YES;
				CLANG_ENABLE_OBJC_ARC = YES;
				CLANG_ENABLE_OBJC_WEAK = YES;
				CLANG_WARN_BLOCK_CAPTURE_AUTORELEASING = YES;
				CLANG_WARN_BOOL_CONVERSION = YES;
				CLANG_WARN_COMMA = YES;
				CLANG_WARN_CONSTANT_CONVERSION = YES;
				CLANG_WARN_DEPRECATED_OBJC_IMPLEMENTATIONS = YES;
				CLANG_WARN_DIRECT_OBJC_ISA_USAGE = YES_ERROR;
				CLANG_WARN_DOCUMENTATION_COMMENTS = YES;
				CLANG_WARN_EMPTY_BODY = YES;
				CLANG_WARN_ENUM_CONVERSION = YES;
				CLANG_WARN_INFINITE_RECURSION = YES;
				CLANG_WARN_INT_CONVERSION = YES;
				CLANG_WARN_NON_LITERAL_NULL_CONVERSION = YES;
				CLANG_WARN_OBJC_IMPLICIT_RETAIN_SELF = YES;
				CLANG_WARN_OBJC_LITERAL_CONVERSION = YES;
				CLANG_WARN_OBJC_ROOT_CLASS = YES_ERROR;
				CLANG_WARN_RANGE_LOOP_ANALYSIS = YES;
				CLANG_WARN_STRICT_PROTOTYPES = YES;
				CLANG_WARN_SUSPICIOUS_MOVE = YES;
				CLANG_WARN_UNGUARDED_AVAILABILITY = YES_AGGRESSIVE;
				CLANG_WARN_UNREACHABLE_CODE = YES;
				CLANG_WARN__DUPLICATE_METHOD_MATCH = YES;
				CODE_SIGN_IDENTITY = "iPhone Developer";
				COPY_PHASE_STRIP = NO;
				DEBUG_INFORMATION_FORMAT = dwarf;
				ENABLE_STRICT_OBJC_MSGSEND = YES;
				ENABLE_TESTABILITY = YES;
				GCC_C_LANGUAGE_STANDARD = gnu11;
				GCC_DYNAMIC_NO_PIC = NO;
				GCC_NO_COMMON_BLOCKS = YES;
				GCC_OPTIMIZATION_LEVEL = 0;
				GCC_PREPROCESSOR_DEFINITIONS = (
					"DEBUG=1",
					"$(inherited)",
				);
				GCC_WARN_64_TO_32_BIT_CONVERSION = YES;
				GCC_WARN_ABOUT_RETURN_TYPE = YES_ERROR;
				GCC_WARN_UNDECLARED_SELECTOR = YES;
				GCC_WARN_UNINITIALIZED_AUTOS = YES_AGGRESSIVE;
				GCC_WARN_UNUSED_FUNCTION = YES;
				GCC_WARN_UNUSED_VARIABLE = YES;
				IPHONEOS_DEPLOYMENT_TARGET = 11.4;
				MTL_ENABLE_DEBUG_INFO = INCLUDE_SOURCE;
				ONLY_ACTIVE_ARCH = YES;
				SDKROOT = iphoneos;
			};
			name = Debug;
		};
		619E9C7820C8DC3A00AC61EA /* Release */ = {
			isa = XCBuildConfiguration;
			buildSettings = {
				ALWAYS_SEARCH_USER_PATHS = NO;
				CLANG_ANALYZER_NONNULL = YES;
				CLANG_ANALYZER_NUMBER_OBJECT_CONVERSION = YES_AGGRESSIVE;
				CLANG_CXX_LANGUAGE_STANDARD = "gnu++14";
				CLANG_CXX_LIBRARY = "libc++";
				CLANG_ENABLE_MODULES = YES;
				CLANG_ENABLE_OBJC_ARC = YES;
				CLANG_ENABLE_OBJC_WEAK = YES;
				CLANG_WARN_BLOCK_CAPTURE_AUTORELEASING = YES;
				CLANG_WARN_BOOL_CONVERSION = YES;
				CLANG_WARN_COMMA = YES;
				CLANG_WARN_CONSTANT_CONVERSION = YES;
				CLANG_WARN_DEPRECATED_OBJC_IMPLEMENTATIONS = YES;
				CLANG_WARN_DIRECT_OBJC_ISA_USAGE = YES_ERROR;
				CLANG_WARN_DOCUMENTATION_COMMENTS = YES;
				CLANG_WARN_EMPTY_BODY = YES;
				CLANG_WARN_ENUM_CONVERSION = YES;
				CLANG_WARN_INFINITE_RECURSION = YES;
				CLANG_WARN_INT_CONVERSION = YES;
				CLANG_WARN_NON_LITERAL_NULL_CONVERSION = YES;
				CLANG_WARN_OBJC_IMPLICIT_RETAIN_SELF = YES;
				CLANG_WARN_OBJC_LITERAL_CONVERSION = YES;
				CLANG_WARN_OBJC_ROOT_CLASS = YES_ERROR;
				CLANG_WARN_RANGE_LOOP_ANALYSIS = YES;
				CLANG_WARN_STRICT_PROTOTYPES = YES;
				CLANG_WARN_SUSPICIOUS_MOVE = YES;
				CLANG_WARN_UNGUARDED_AVAILABILITY = YES_AGGRESSIVE;
				CLANG_WARN_UNREACHABLE_CODE = YES;
				CLANG_WARN__DUPLICATE_METHOD_MATCH = YES;
				CODE_SIGN_IDENTITY = "iPhone Developer";
				COPY_PHASE_STRIP = NO;
				DEBUG_INFORMATION_FORMAT = "dwarf-with-dsym";
				ENABLE_NS_ASSERTIONS = NO;
				ENABLE_STRICT_OBJC_MSGSEND = YES;
				GCC_C_LANGUAGE_STANDARD = gnu11;
				GCC_NO_COMMON_BLOCKS = YES;
				GCC_WARN_64_TO_32_BIT_CONVERSION = YES;
				GCC_WARN_ABOUT_RETURN_TYPE = YES_ERROR;
				GCC_WARN_UNDECLARED_SELECTOR = YES;
				GCC_WARN_UNINITIALIZED_AUTOS = YES_AGGRESSIVE;
				GCC_WARN_UNUSED_FUNCTION = YES;
				GCC_WARN_UNUSED_VARIABLE = YES;
				IPHONEOS_DEPLOYMENT_TARGET = 11.4;
				MTL_ENABLE_DEBUG_INFO = NO;
				SDKROOT = iphoneos;
				VALIDATE_PRODUCT = YES;
			};
			name = Release;
		};
		619E9C7A20C8DC3A00AC61EA /* Debug */ = {
			isa = XCBuildConfiguration;
			buildSettings = {
				ASSETCATALOG_COMPILER_APPICON_NAME = AppIcon;
				CODE_SIGN_STYLE = Automatic;
				DEVELOPMENT_TEAM = FBVYKESUN4;
				GCC_INPUT_FILETYPE = automatic;
				INFOPLIST_FILE = "$(SRCROOT)/面试葵花宝典 - OC/sources/Info.plist";
				LD_RUNPATH_SEARCH_PATHS = (
					"$(inherited)",
					"@executable_path/Frameworks",
				);
				PRODUCT_BUNDLE_IDENTIFIER = "com.yangsong.---------OC";
				PRODUCT_NAME = "$(TARGET_NAME)";
				TARGETED_DEVICE_FAMILY = "1,2";
			};
			name = Debug;
		};
		619E9C7B20C8DC3A00AC61EA /* Release */ = {
			isa = XCBuildConfiguration;
			buildSettings = {
				ASSETCATALOG_COMPILER_APPICON_NAME = AppIcon;
				CODE_SIGN_STYLE = Automatic;
				DEVELOPMENT_TEAM = FBVYKESUN4;
				GCC_INPUT_FILETYPE = automatic;
				INFOPLIST_FILE = "$(SRCROOT)/面试葵花宝典 - OC/sources/Info.plist";
				LD_RUNPATH_SEARCH_PATHS = (
					"$(inherited)",
					"@executable_path/Frameworks",
				);
				PRODUCT_BUNDLE_IDENTIFIER = "com.yangsong.---------OC";
				PRODUCT_NAME = "$(TARGET_NAME)";
				TARGETED_DEVICE_FAMILY = "1,2";
			};
			name = Release;
		};
		619E9C7D20C8DC3A00AC61EA /* Debug */ = {
			isa = XCBuildConfiguration;
			buildSettings = {
				BUNDLE_LOADER = "$(TEST_HOST)";
				CODE_SIGN_STYLE = Automatic;
				DEVELOPMENT_TEAM = FBVYKESUN4;
				INFOPLIST_FILE = "面试葵花宝典 - OCTests/Info.plist";
				LD_RUNPATH_SEARCH_PATHS = (
					"$(inherited)",
					"@executable_path/Frameworks",
					"@loader_path/Frameworks",
				);
				PRODUCT_BUNDLE_IDENTIFIER = "com.yangsong.---------OCTests";
				PRODUCT_NAME = "$(TARGET_NAME)";
				TARGETED_DEVICE_FAMILY = "1,2";
				TEST_HOST = "$(BUILT_PRODUCTS_DIR)/面试葵花宝典 - OC.app/面试葵花宝典 - OC";
			};
			name = Debug;
		};
		619E9C7E20C8DC3A00AC61EA /* Release */ = {
			isa = XCBuildConfiguration;
			buildSettings = {
				BUNDLE_LOADER = "$(TEST_HOST)";
				CODE_SIGN_STYLE = Automatic;
				DEVELOPMENT_TEAM = FBVYKESUN4;
				INFOPLIST_FILE = "面试葵花宝典 - OCTests/Info.plist";
				LD_RUNPATH_SEARCH_PATHS = (
					"$(inherited)",
					"@executable_path/Frameworks",
					"@loader_path/Frameworks",
				);
				PRODUCT_BUNDLE_IDENTIFIER = "com.yangsong.---------OCTests";
				PRODUCT_NAME = "$(TARGET_NAME)";
				TARGETED_DEVICE_FAMILY = "1,2";
				TEST_HOST = "$(BUILT_PRODUCTS_DIR)/面试葵花宝典 - OC.app/面试葵花宝典 - OC";
			};
			name = Release;
		};
		619E9C8020C8DC3A00AC61EA /* Debug */ = {
			isa = XCBuildConfiguration;
			buildSettings = {
				CODE_SIGN_STYLE = Automatic;
				DEVELOPMENT_TEAM = FBVYKESUN4;
				INFOPLIST_FILE = "面试葵花宝典 - OCUITests/Info.plist";
				LD_RUNPATH_SEARCH_PATHS = (
					"$(inherited)",
					"@executable_path/Frameworks",
					"@loader_path/Frameworks",
				);
				PRODUCT_BUNDLE_IDENTIFIER = "com.yangsong.---------OCUITests";
				PRODUCT_NAME = "$(TARGET_NAME)";
				TARGETED_DEVICE_FAMILY = "1,2";
				TEST_TARGET_NAME = "面试葵花宝典 - OC";
			};
			name = Debug;
		};
		619E9C8120C8DC3A00AC61EA /* Release */ = {
			isa = XCBuildConfiguration;
			buildSettings = {
				CODE_SIGN_STYLE = Automatic;
				DEVELOPMENT_TEAM = FBVYKESUN4;
				INFOPLIST_FILE = "面试葵花宝典 - OCUITests/Info.plist";
				LD_RUNPATH_SEARCH_PATHS = (
					"$(inherited)",
					"@executable_path/Frameworks",
					"@loader_path/Frameworks",
				);
				PRODUCT_BUNDLE_IDENTIFIER = "com.yangsong.---------OCUITests";
				PRODUCT_NAME = "$(TARGET_NAME)";
				TARGETED_DEVICE_FAMILY = "1,2";
				TEST_TARGET_NAME = "面试葵花宝典 - OC";
			};
			name = Release;
		};
/* End XCBuildConfiguration section */

/* Begin XCConfigurationList section */
		619E9C4820C8DC3900AC61EA /* Build configuration list for PBXProject "面试葵花宝典 - OC" */ = {
			isa = XCConfigurationList;
			buildConfigurations = (
				619E9C7720C8DC3A00AC61EA /* Debug */,
				619E9C7820C8DC3A00AC61EA /* Release */,
			);
			defaultConfigurationIsVisible = 0;
			defaultConfigurationName = Release;
		};
		619E9C7920C8DC3A00AC61EA /* Build configuration list for PBXNativeTarget "面试葵花宝典 - OC" */ = {
			isa = XCConfigurationList;
			buildConfigurations = (
				619E9C7A20C8DC3A00AC61EA /* Debug */,
				619E9C7B20C8DC3A00AC61EA /* Release */,
			);
			defaultConfigurationIsVisible = 0;
			defaultConfigurationName = Release;
		};
		619E9C7C20C8DC3A00AC61EA /* Build configuration list for PBXNativeTarget "面试葵花宝典 - OCTests" */ = {
			isa = XCConfigurationList;
			buildConfigurations = (
				619E9C7D20C8DC3A00AC61EA /* Debug */,
				619E9C7E20C8DC3A00AC61EA /* Release */,
			);
			defaultConfigurationIsVisible = 0;
			defaultConfigurationName = Release;
		};
		619E9C7F20C8DC3A00AC61EA /* Build configuration list for PBXNativeTarget "面试葵花宝典 - OCUITests" */ = {
			isa = XCConfigurationList;
			buildConfigurations = (
				619E9C8020C8DC3A00AC61EA /* Debug */,
				619E9C8120C8DC3A00AC61EA /* Release */,
			);
			defaultConfigurationIsVisible = 0;
			defaultConfigurationName = Release;
		};
/* End XCConfigurationList section */
	};
	rootObject = 619E9C4520C8DC3900AC61EA /* Project object */;
}
